// !$*UTF8*$!
{
	archiveVersion = 1;
	classes = {
	};
	objectVersion = 55;
	objects = {

/* Begin PBXBuildFile section */
		42A65B64F92776178572EC0F /* Pods_MoonDuckTests.framework in Frameworks */ = {isa = PBXBuildFile; fileRef = 6804495908A307471DB8A904 /* Pods_MoonDuckTests.framework */; };
		5EEE2DF6C73F533BFA556AD2 /* Pods_MoonDuck.framework in Frameworks */ = {isa = PBXBuildFile; fileRef = 31889ED7FB1E6AAD97B6990E /* Pods_MoonDuck.framework */; };
		A07826AC2BFFAB6300D7BA63 /* BoardListTvCell.xib in Resources */ = {isa = PBXBuildFile; fileRef = A07826AB2BFFAB6300D7BA63 /* BoardListTvCell.xib */; };
		A07826AD2BFFAB6300D7BA63 /* BoardListTvCell.swift in Sources */ = {isa = PBXBuildFile; fileRef = A07826AA2BFFAB6300D7BA63 /* BoardListTvCell.swift */; };
		A0E657FB2BFE22B7001A8D54 /* AppDelegate.swift in Sources */ = {isa = PBXBuildFile; fileRef = A0E657FA2BFE22B7001A8D54 /* AppDelegate.swift */; };
		A0E657FD2BFE22B7001A8D54 /* SceneDelegate.swift in Sources */ = {isa = PBXBuildFile; fileRef = A0E657FC2BFE22B7001A8D54 /* SceneDelegate.swift */; };
		A0E658022BFE22B7001A8D54 /* Base in Resources */ = {isa = PBXBuildFile; fileRef = A0E658012BFE22B7001A8D54 /* Base */; };
		A0E658042BFE22B9001A8D54 /* Assets.xcassets in Resources */ = {isa = PBXBuildFile; fileRef = A0E658032BFE22B9001A8D54 /* Assets.xcassets */; };
		A0E658072BFE22B9001A8D54 /* Base in Resources */ = {isa = PBXBuildFile; fileRef = A0E658062BFE22B9001A8D54 /* Base */; };
		A0E658122BFE22BA001A8D54 /* MoonDuckTests.swift in Sources */ = {isa = PBXBuildFile; fileRef = A0E658112BFE22BA001A8D54 /* MoonDuckTests.swift */; };
		A0E6581C2BFE22BA001A8D54 /* MoonDuckUITests.swift in Sources */ = {isa = PBXBuildFile; fileRef = A0E6581B2BFE22BA001A8D54 /* MoonDuckUITests.swift */; };
		A0E6581E2BFE22BA001A8D54 /* MoonDuckUITestsLaunchTests.swift in Sources */ = {isa = PBXBuildFile; fileRef = A0E6581D2BFE22BA001A8D54 /* MoonDuckUITestsLaunchTests.swift */; };
		A0E658322BFE300D001A8D54 /* Color.xcassets in Resources */ = {isa = PBXBuildFile; fileRef = A0E658312BFE300D001A8D54 /* Color.xcassets */; };
		A0E6583E2BFE36A5001A8D54 /* NotoSansCJKkr-Thin.otf in Resources */ = {isa = PBXBuildFile; fileRef = A0E658352BFE369F001A8D54 /* NotoSansCJKkr-Thin.otf */; };
		A0E6583F2BFE36A5001A8D54 /* NotoSansMonoCJKkr-Regular.otf in Resources */ = {isa = PBXBuildFile; fileRef = A0E658362BFE36A0001A8D54 /* NotoSansMonoCJKkr-Regular.otf */; };
		A0E658402BFE36A5001A8D54 /* NotoSansCJKkr-Regular.otf in Resources */ = {isa = PBXBuildFile; fileRef = A0E658372BFE36A1001A8D54 /* NotoSansCJKkr-Regular.otf */; };
		A0E658412BFE36A5001A8D54 /* NotoSansCJKkr-DemiLight.otf in Resources */ = {isa = PBXBuildFile; fileRef = A0E658382BFE36A1001A8D54 /* NotoSansCJKkr-DemiLight.otf */; };
		A0E658422BFE36A5001A8D54 /* NotoSansCJKkr-Light.otf in Resources */ = {isa = PBXBuildFile; fileRef = A0E658392BFE36A2001A8D54 /* NotoSansCJKkr-Light.otf */; };
		A0E658432BFE36A5001A8D54 /* NotoSansMonoCJKkr-Bold.otf in Resources */ = {isa = PBXBuildFile; fileRef = A0E6583A2BFE36A3001A8D54 /* NotoSansMonoCJKkr-Bold.otf */; };
		A0E658442BFE36A5001A8D54 /* NotoSansCJKkr-Black.otf in Resources */ = {isa = PBXBuildFile; fileRef = A0E6583B2BFE36A4001A8D54 /* NotoSansCJKkr-Black.otf */; };
		A0E658452BFE36A5001A8D54 /* NotoSansCJKkr-Bold.otf in Resources */ = {isa = PBXBuildFile; fileRef = A0E6583C2BFE36A4001A8D54 /* NotoSansCJKkr-Bold.otf */; };
		A0E658462BFE36A5001A8D54 /* NotoSansCJKkr-Medium.otf in Resources */ = {isa = PBXBuildFile; fileRef = A0E6583D2BFE36A5001A8D54 /* NotoSansCJKkr-Medium.otf */; };
		A0E658492BFE394F001A8D54 /* .swiftlint.yml in Resources */ = {isa = PBXBuildFile; fileRef = A0E658482BFE394F001A8D54 /* .swiftlint.yml */; };
		A0E6584B2BFE3C03001A8D54 /* Fonts+Generated.swift in Sources */ = {isa = PBXBuildFile; fileRef = A0E6584A2BFE3C03001A8D54 /* Fonts+Generated.swift */; };
		A0E6584D2BFE3C0B001A8D54 /* XCAssets+Generated.swift in Sources */ = {isa = PBXBuildFile; fileRef = A0E6584C2BFE3C0A001A8D54 /* XCAssets+Generated.swift */; };
		A0E658512BFE3F6D001A8D54 /* IntroViewController.swift in Sources */ = {isa = PBXBuildFile; fileRef = A0E6584E2BFE3F6C001A8D54 /* IntroViewController.swift */; };
		A0E658532BFE40F9001A8D54 /* LoadingView.swift in Sources */ = {isa = PBXBuildFile; fileRef = A0E658522BFE40F9001A8D54 /* LoadingView.swift */; };
		B1172CFFFCCD4092EAB9B177 /* Pods_MoonDuck_MoonDuckUITests.framework in Frameworks */ = {isa = PBXBuildFile; fileRef = B7ADC973B3F765CF9AA757FF /* Pods_MoonDuck_MoonDuckUITests.framework */; };
		EA33F75B2C0D7D0C00893C35 /* Presenter.swift in Sources */ = {isa = PBXBuildFile; fileRef = EA33F75A2C0D7D0C00893C35 /* Presenter.swift */; };
		EA5EA0BA2C00F6D70041A8B4 /* TextField.swift in Sources */ = {isa = PBXBuildFile; fileRef = EA5EA0B92C00F6D70041A8B4 /* TextField.swift */; };
		EA5EA0C52C0119880041A8B4 /* BoardDetailViewController.swift in Sources */ = {isa = PBXBuildFile; fileRef = EA5EA0C32C0119880041A8B4 /* BoardDetailViewController.swift */; };
		EA5EA0C62C0119880041A8B4 /* BoardDetailViewController.xib in Resources */ = {isa = PBXBuildFile; fileRef = EA5EA0C42C0119880041A8B4 /* BoardDetailViewController.xib */; };
		EA6379C52BFEF3FA00464A19 /* Navigator.swift in Sources */ = {isa = PBXBuildFile; fileRef = EA6379C42BFEF3FA00464A19 /* Navigator.swift */; };
		EA6379C82BFEF49800464A19 /* BaseNavigationController.swift in Sources */ = {isa = PBXBuildFile; fileRef = EA6379C72BFEF49800464A19 /* BaseNavigationController.swift */; };
		EA6379CA2BFEF73500464A19 /* IntroViewPresenter.swift in Sources */ = {isa = PBXBuildFile; fileRef = EA6379C92BFEF73500464A19 /* IntroViewPresenter.swift */; };
		EA6379CF2BFF1C5400464A19 /* MoonDuckAPI.swift in Sources */ = {isa = PBXBuildFile; fileRef = EA6379CE2BFF1C5400464A19 /* MoonDuckAPI.swift */; };
		EA6379D22BFF295C00464A19 /* OSLog+Extension.swift in Sources */ = {isa = PBXBuildFile; fileRef = EA6379D12BFF295C00464A19 /* OSLog+Extension.swift */; };
		EA6379D52BFF2A4000464A19 /* UserRequest.swift in Sources */ = {isa = PBXBuildFile; fileRef = EA6379D42BFF2A4000464A19 /* UserRequest.swift */; };
		EA6379D72BFF2B2D00464A19 /* TargetType.swift in Sources */ = {isa = PBXBuildFile; fileRef = EA6379D62BFF2B2D00464A19 /* TargetType.swift */; };
		EA6379DF2BFF2D6900464A19 /* UserService.swift in Sources */ = {isa = PBXBuildFile; fileRef = EA6379DE2BFF2D6900464A19 /* UserService.swift */; };
		EA6379E12BFF2E5300464A19 /* UserResponse.swift in Sources */ = {isa = PBXBuildFile; fileRef = EA6379E02BFF2E5300464A19 /* UserResponse.swift */; };
		EA6379E42BFF33C500464A19 /* HomeViewController.xib in Resources */ = {isa = PBXBuildFile; fileRef = EA6379E32BFF33C500464A19 /* HomeViewController.xib */; };
		EA6379E52BFF33C500464A19 /* HomeViewController.swift in Sources */ = {isa = PBXBuildFile; fileRef = EA6379E22BFF33C500464A19 /* HomeViewController.swift */; };
		EA6379E72BFF342F00464A19 /* HomeViewPresenter.swift in Sources */ = {isa = PBXBuildFile; fileRef = EA6379E62BFF342F00464A19 /* HomeViewPresenter.swift */; };
		EA6379E92BFF359100464A19 /* NSObjectProtocol+Extension.swift in Sources */ = {isa = PBXBuildFile; fileRef = EA6379E82BFF359100464A19 /* NSObjectProtocol+Extension.swift */; };
		EA6D9A742BFF67A0003B459A /* HomeCategoryCvCell.swift in Sources */ = {isa = PBXBuildFile; fileRef = EA6D9A722BFF67A0003B459A /* HomeCategoryCvCell.swift */; };
		EA6D9A752BFF67A0003B459A /* HomeCategoryCvCell.xib in Resources */ = {isa = PBXBuildFile; fileRef = EA6D9A732BFF67A0003B459A /* HomeCategoryCvCell.xib */; };
		EA6D9A772BFF6823003B459A /* UIView+Extension.swift in Sources */ = {isa = PBXBuildFile; fileRef = EA6D9A762BFF6823003B459A /* UIView+Extension.swift */; };
		EA6D9A7A2BFF6884003B459A /* RadiusView.swift in Sources */ = {isa = PBXBuildFile; fileRef = EA6D9A792BFF6884003B459A /* RadiusView.swift */; };
		EA7208412C1272A500E96212 /* AuthRequest.swift in Sources */ = {isa = PBXBuildFile; fileRef = EA7208402C1272A500E96212 /* AuthRequest.swift */; };
		EA7208432C12735A00E96212 /* AuthService.swift in Sources */ = {isa = PBXBuildFile; fileRef = EA7208422C12735A00E96212 /* AuthService.swift */; };
		EA7208492C12787400E96212 /* Config.swift in Sources */ = {isa = PBXBuildFile; fileRef = EA7208482C12787400E96212 /* Config.swift */; };
		EA72084D2C12869B00E96212 /* AuthResponse.swift in Sources */ = {isa = PBXBuildFile; fileRef = EA72084C2C12869B00E96212 /* AuthResponse.swift */; };
		EA72084F2C1287EF00E96212 /* AppUserDefaults.swift in Sources */ = {isa = PBXBuildFile; fileRef = EA72084E2C1287EF00E96212 /* AppUserDefaults.swift */; };
		EA7208512C128CE800E96212 /* AppKeychain.swift in Sources */ = {isa = PBXBuildFile; fileRef = EA7208502C128CE800E96212 /* AppKeychain.swift */; };
		EA7208532C1290C700E96212 /* AuthManager.swift in Sources */ = {isa = PBXBuildFile; fileRef = EA7208522C1290C700E96212 /* AuthManager.swift */; };
		EA7208552C12929700E96212 /* Auth.swift in Sources */ = {isa = PBXBuildFile; fileRef = EA7208542C12929700E96212 /* Auth.swift */; };
		EA7208572C129F2100E96212 /* GoogleService-Info.plist in Resources */ = {isa = PBXBuildFile; fileRef = EA7208562C129F2100E96212 /* GoogleService-Info.plist */; };
		EA72085B2C12E3C900E96212 /* APIError.swift in Sources */ = {isa = PBXBuildFile; fileRef = EA72085A2C12E3C900E96212 /* APIError.swift */; };
		EA81F4A62BFF70D300FDC7A7 /* BaseCategoryCell.swift in Sources */ = {isa = PBXBuildFile; fileRef = EA81F4A52BFF70D300FDC7A7 /* BaseCategoryCell.swift */; };
		EA81F4A92BFF716600FDC7A7 /* Category.swift in Sources */ = {isa = PBXBuildFile; fileRef = EA81F4A82BFF716600FDC7A7 /* Category.swift */; };
		EA81F4AB2BFF79FA00FDC7A7 /* HomeCategoryCvDataSource.swift in Sources */ = {isa = PBXBuildFile; fileRef = EA81F4AA2BFF79FA00FDC7A7 /* HomeCategoryCvDataSource.swift */; };
		EA81F4B32BFF881800FDC7A7 /* IntroViewController.xib in Resources */ = {isa = PBXBuildFile; fileRef = EA81F4B12BFF881800FDC7A7 /* IntroViewController.xib */; };
		EA9A84202C00AA93004B7FDF /* AppServices.swift in Sources */ = {isa = PBXBuildFile; fileRef = EA9A841F2C00AA93004B7FDF /* AppServices.swift */; };
		EA9A84262C00BCAF004B7FDF /* NameSettingViewController.swift in Sources */ = {isa = PBXBuildFile; fileRef = EA9A84242C00BCAF004B7FDF /* NameSettingViewController.swift */; };
		EA9A84272C00BCAF004B7FDF /* NameSettingViewController.xib in Resources */ = {isa = PBXBuildFile; fileRef = EA9A84252C00BCAF004B7FDF /* NameSettingViewController.xib */; };
		EA9A84292C00BF04004B7FDF /* UITextField+Extension.swift in Sources */ = {isa = PBXBuildFile; fileRef = EA9A84282C00BF04004B7FDF /* UITextField+Extension.swift */; };
		EA9A842B2C00C33E004B7FDF /* NameSettingViewPresenter.swift in Sources */ = {isa = PBXBuildFile; fileRef = EA9A842A2C00C33E004B7FDF /* NameSettingViewPresenter.swift */; };
		EA9A842F2C00D577004B7FDF /* Alert.swift in Sources */ = {isa = PBXBuildFile; fileRef = EA9A842E2C00D577004B7FDF /* Alert.swift */; };
		EA9A843F2C00DCDA004B7FDF /* Localizable.strings in Resources */ = {isa = PBXBuildFile; fileRef = EA9A843D2C00DCDA004B7FDF /* Localizable.strings */; };
		EA9A84422C00DD08004B7FDF /* Strings+Generated.swift in Sources */ = {isa = PBXBuildFile; fileRef = EA9A84412C00DD08004B7FDF /* Strings+Generated.swift */; };
		EA9A84452C00E306004B7FDF /* APIEventLogger.swift in Sources */ = {isa = PBXBuildFile; fileRef = EA9A84442C00E306004B7FDF /* APIEventLogger.swift */; };
		EAA914CE2C02274700A98950 /* String+Extension.swift in Sources */ = {isa = PBXBuildFile; fileRef = EAA914CD2C02274700A98950 /* String+Extension.swift */; };
		EAA914D02C022D7700A98950 /* ReviewEditCategoryCvDataSource.swift in Sources */ = {isa = PBXBuildFile; fileRef = EAA914CF2C022D7700A98950 /* ReviewEditCategoryCvDataSource.swift */; };
		EAA914D42C022DF700A98950 /* ReviewEditCategoryCvCell.swift in Sources */ = {isa = PBXBuildFile; fileRef = EAA914D22C022DF700A98950 /* ReviewEditCategoryCvCell.swift */; };
		EAA914D52C022DF700A98950 /* ReviewEditCategoryCvCell.xib in Resources */ = {isa = PBXBuildFile; fileRef = EAA914D32C022DF700A98950 /* ReviewEditCategoryCvCell.xib */; };
		EAA914D72C02382400A98950 /* UIViewController+Extension.swift in Sources */ = {isa = PBXBuildFile; fileRef = EAA914D62C02382400A98950 /* UIViewController+Extension.swift */; };
		EAA914F22C02D63100A98950 /* ReviewImageCvCell.swift in Sources */ = {isa = PBXBuildFile; fileRef = EAA914F02C02D63100A98950 /* ReviewImageCvCell.swift */; };
		EAA914F32C02D63100A98950 /* ReviewImageCvCell.xib in Resources */ = {isa = PBXBuildFile; fileRef = EAA914F12C02D63100A98950 /* ReviewImageCvCell.xib */; };
		EAD9575F2C002384001FB6E1 /* BoardListTvDataSource.swift in Sources */ = {isa = PBXBuildFile; fileRef = EAD9575E2C002384001FB6E1 /* BoardListTvDataSource.swift */; };
		EAD957632C002982001FB6E1 /* User.swift in Sources */ = {isa = PBXBuildFile; fileRef = EAD957622C002982001FB6E1 /* User.swift */; };
		EAD957652C0029D3001FB6E1 /* Review.swift in Sources */ = {isa = PBXBuildFile; fileRef = EAD957642C0029D3001FB6E1 /* Review.swift */; };
		EAD9576D2C008ED5001FB6E1 /* LoginViewController.swift in Sources */ = {isa = PBXBuildFile; fileRef = EAD9576B2C008ED5001FB6E1 /* LoginViewController.swift */; };
		EAD9576E2C008ED5001FB6E1 /* LoginViewController.xib in Resources */ = {isa = PBXBuildFile; fileRef = EAD9576C2C008ED5001FB6E1 /* LoginViewController.xib */; };
		EAD957702C0094A1001FB6E1 /* LoginViewPresenter.swift in Sources */ = {isa = PBXBuildFile; fileRef = EAD9576F2C0094A1001FB6E1 /* LoginViewPresenter.swift */; };
		EAE017CC2C012C1900699145 /* BoardImageCvCell.xib in Resources */ = {isa = PBXBuildFile; fileRef = EAE017CB2C012C1900699145 /* BoardImageCvCell.xib */; };
		EAE017CD2C012C1900699145 /* BoardImageCvCell.swift in Sources */ = {isa = PBXBuildFile; fileRef = EAE017CA2C012C1900699145 /* BoardImageCvCell.swift */; };
		EAE017D12C01935700699145 /* ReviewService.swift in Sources */ = {isa = PBXBuildFile; fileRef = EAE017D02C01935700699145 /* ReviewService.swift */; };
		EAE017D32C0193B800699145 /* ReviewRequest.swift in Sources */ = {isa = PBXBuildFile; fileRef = EAE017D22C0193B800699145 /* ReviewRequest.swift */; };
		EAE017D52C0195D500699145 /* ReviewResponse.swift in Sources */ = {isa = PBXBuildFile; fileRef = EAE017D42C0195D500699145 /* ReviewResponse.swift */; };
		EAE017D72C01AA3D00699145 /* Sort.swift in Sources */ = {isa = PBXBuildFile; fileRef = EAE017D62C01AA3D00699145 /* Sort.swift */; };
		EAE017D92C01C11B00699145 /* BoardDetailViewPresenter.swift in Sources */ = {isa = PBXBuildFile; fileRef = EAE017D82C01C11B00699145 /* BoardDetailViewPresenter.swift */; };
		EAE017DB2C01CA0500699145 /* CellButton.swift in Sources */ = {isa = PBXBuildFile; fileRef = EAE017DA2C01CA0500699145 /* CellButton.swift */; };
		EAE017DD2C01CF2300699145 /* Utils.swift in Sources */ = {isa = PBXBuildFile; fileRef = EAE017DC2C01CF2300699145 /* Utils.swift */; };
		EAE017E72C01E6D100699145 /* BoardEditViewController.xib in Resources */ = {isa = PBXBuildFile; fileRef = EAE017E62C01E6D100699145 /* BoardEditViewController.xib */; };
		EAE017E82C01E6D100699145 /* BoardEditViewController.swift in Sources */ = {isa = PBXBuildFile; fileRef = EAE017E52C01E6D100699145 /* BoardEditViewController.swift */; };
		EAE017EA2C01F01800699145 /* BoardEditViewPresenter.swift in Sources */ = {isa = PBXBuildFile; fileRef = EAE017E92C01F01800699145 /* BoardEditViewPresenter.swift */; };
		EAE017EC2C01FBD600699145 /* TextView.swift in Sources */ = {isa = PBXBuildFile; fileRef = EAE017EB2C01FBD600699145 /* TextView.swift */; };
		EAE017EE2C02015900699145 /* UIKeyboardInfo.swift in Sources */ = {isa = PBXBuildFile; fileRef = EAE017ED2C02015900699145 /* UIKeyboardInfo.swift */; };
/* End PBXBuildFile section */

/* Begin PBXContainerItemProxy section */
		A0E6580E2BFE22BA001A8D54 /* PBXContainerItemProxy */ = {
			isa = PBXContainerItemProxy;
			containerPortal = A0E657EF2BFE22B6001A8D54 /* Project object */;
			proxyType = 1;
			remoteGlobalIDString = A0E657F62BFE22B7001A8D54;
			remoteInfo = MoonDuck;
		};
		A0E658182BFE22BA001A8D54 /* PBXContainerItemProxy */ = {
			isa = PBXContainerItemProxy;
			containerPortal = A0E657EF2BFE22B6001A8D54 /* Project object */;
			proxyType = 1;
			remoteGlobalIDString = A0E657F62BFE22B7001A8D54;
			remoteInfo = MoonDuck;
		};
/* End PBXContainerItemProxy section */

/* Begin PBXFileReference section */
		2950864BBC93694506B338D1 /* Pods-MoonDuckTests.debug.xcconfig */ = {isa = PBXFileReference; includeInIndex = 1; lastKnownFileType = text.xcconfig; name = "Pods-MoonDuckTests.debug.xcconfig"; path = "Target Support Files/Pods-MoonDuckTests/Pods-MoonDuckTests.debug.xcconfig"; sourceTree = "<group>"; };
		31889ED7FB1E6AAD97B6990E /* Pods_MoonDuck.framework */ = {isa = PBXFileReference; explicitFileType = wrapper.framework; includeInIndex = 0; path = Pods_MoonDuck.framework; sourceTree = BUILT_PRODUCTS_DIR; };
		50713EDDE07C9DBF83457C0E /* Pods-MoonDuck.release.xcconfig */ = {isa = PBXFileReference; includeInIndex = 1; lastKnownFileType = text.xcconfig; name = "Pods-MoonDuck.release.xcconfig"; path = "Target Support Files/Pods-MoonDuck/Pods-MoonDuck.release.xcconfig"; sourceTree = "<group>"; };
		6804495908A307471DB8A904 /* Pods_MoonDuckTests.framework */ = {isa = PBXFileReference; explicitFileType = wrapper.framework; includeInIndex = 0; path = Pods_MoonDuckTests.framework; sourceTree = BUILT_PRODUCTS_DIR; };
		6A3FE1C14076657825120DA9 /* Pods-MoonDuck-MoonDuckUITests.release.xcconfig */ = {isa = PBXFileReference; includeInIndex = 1; lastKnownFileType = text.xcconfig; name = "Pods-MoonDuck-MoonDuckUITests.release.xcconfig"; path = "Target Support Files/Pods-MoonDuck-MoonDuckUITests/Pods-MoonDuck-MoonDuckUITests.release.xcconfig"; sourceTree = "<group>"; };
		812049C204C639AFB27ABED3 /* Pods-MoonDuckTests.release.xcconfig */ = {isa = PBXFileReference; includeInIndex = 1; lastKnownFileType = text.xcconfig; name = "Pods-MoonDuckTests.release.xcconfig"; path = "Target Support Files/Pods-MoonDuckTests/Pods-MoonDuckTests.release.xcconfig"; sourceTree = "<group>"; };
		A07826AA2BFFAB6300D7BA63 /* BoardListTvCell.swift */ = {isa = PBXFileReference; lastKnownFileType = sourcecode.swift; path = BoardListTvCell.swift; sourceTree = "<group>"; };
		A07826AB2BFFAB6300D7BA63 /* BoardListTvCell.xib */ = {isa = PBXFileReference; lastKnownFileType = file.xib; path = BoardListTvCell.xib; sourceTree = "<group>"; };
		A0E657F72BFE22B7001A8D54 /* MoonDuck.app */ = {isa = PBXFileReference; explicitFileType = wrapper.application; includeInIndex = 0; path = MoonDuck.app; sourceTree = BUILT_PRODUCTS_DIR; };
		A0E657FA2BFE22B7001A8D54 /* AppDelegate.swift */ = {isa = PBXFileReference; lastKnownFileType = sourcecode.swift; path = AppDelegate.swift; sourceTree = "<group>"; };
		A0E657FC2BFE22B7001A8D54 /* SceneDelegate.swift */ = {isa = PBXFileReference; lastKnownFileType = sourcecode.swift; path = SceneDelegate.swift; sourceTree = "<group>"; };
		A0E658012BFE22B7001A8D54 /* Base */ = {isa = PBXFileReference; lastKnownFileType = file.storyboard; name = Base; path = Base.lproj/Main.storyboard; sourceTree = "<group>"; };
		A0E658032BFE22B9001A8D54 /* Assets.xcassets */ = {isa = PBXFileReference; lastKnownFileType = folder.assetcatalog; path = Assets.xcassets; sourceTree = "<group>"; };
		A0E658062BFE22B9001A8D54 /* Base */ = {isa = PBXFileReference; lastKnownFileType = file.storyboard; name = Base; path = Base.lproj/LaunchScreen.storyboard; sourceTree = "<group>"; };
		A0E658082BFE22B9001A8D54 /* Info.plist */ = {isa = PBXFileReference; lastKnownFileType = text.plist.xml; path = Info.plist; sourceTree = "<group>"; };
		A0E6580D2BFE22BA001A8D54 /* MoonDuckTests.xctest */ = {isa = PBXFileReference; explicitFileType = wrapper.cfbundle; includeInIndex = 0; path = MoonDuckTests.xctest; sourceTree = BUILT_PRODUCTS_DIR; };
		A0E658112BFE22BA001A8D54 /* MoonDuckTests.swift */ = {isa = PBXFileReference; lastKnownFileType = sourcecode.swift; path = MoonDuckTests.swift; sourceTree = "<group>"; };
		A0E658172BFE22BA001A8D54 /* MoonDuckUITests.xctest */ = {isa = PBXFileReference; explicitFileType = wrapper.cfbundle; includeInIndex = 0; path = MoonDuckUITests.xctest; sourceTree = BUILT_PRODUCTS_DIR; };
		A0E6581B2BFE22BA001A8D54 /* MoonDuckUITests.swift */ = {isa = PBXFileReference; lastKnownFileType = sourcecode.swift; path = MoonDuckUITests.swift; sourceTree = "<group>"; };
		A0E6581D2BFE22BA001A8D54 /* MoonDuckUITestsLaunchTests.swift */ = {isa = PBXFileReference; lastKnownFileType = sourcecode.swift; path = MoonDuckUITestsLaunchTests.swift; sourceTree = "<group>"; };
		A0E658312BFE300D001A8D54 /* Color.xcassets */ = {isa = PBXFileReference; lastKnownFileType = folder.assetcatalog; path = Color.xcassets; sourceTree = "<group>"; };
		A0E658352BFE369F001A8D54 /* NotoSansCJKkr-Thin.otf */ = {isa = PBXFileReference; lastKnownFileType = file; path = "NotoSansCJKkr-Thin.otf"; sourceTree = "<group>"; };
		A0E658362BFE36A0001A8D54 /* NotoSansMonoCJKkr-Regular.otf */ = {isa = PBXFileReference; lastKnownFileType = file; path = "NotoSansMonoCJKkr-Regular.otf"; sourceTree = "<group>"; };
		A0E658372BFE36A1001A8D54 /* NotoSansCJKkr-Regular.otf */ = {isa = PBXFileReference; lastKnownFileType = file; path = "NotoSansCJKkr-Regular.otf"; sourceTree = "<group>"; };
		A0E658382BFE36A1001A8D54 /* NotoSansCJKkr-DemiLight.otf */ = {isa = PBXFileReference; lastKnownFileType = file; path = "NotoSansCJKkr-DemiLight.otf"; sourceTree = "<group>"; };
		A0E658392BFE36A2001A8D54 /* NotoSansCJKkr-Light.otf */ = {isa = PBXFileReference; lastKnownFileType = file; path = "NotoSansCJKkr-Light.otf"; sourceTree = "<group>"; };
		A0E6583A2BFE36A3001A8D54 /* NotoSansMonoCJKkr-Bold.otf */ = {isa = PBXFileReference; lastKnownFileType = file; path = "NotoSansMonoCJKkr-Bold.otf"; sourceTree = "<group>"; };
		A0E6583B2BFE36A4001A8D54 /* NotoSansCJKkr-Black.otf */ = {isa = PBXFileReference; lastKnownFileType = file; path = "NotoSansCJKkr-Black.otf"; sourceTree = "<group>"; };
		A0E6583C2BFE36A4001A8D54 /* NotoSansCJKkr-Bold.otf */ = {isa = PBXFileReference; lastKnownFileType = file; path = "NotoSansCJKkr-Bold.otf"; sourceTree = "<group>"; };
		A0E6583D2BFE36A5001A8D54 /* NotoSansCJKkr-Medium.otf */ = {isa = PBXFileReference; lastKnownFileType = file; path = "NotoSansCJKkr-Medium.otf"; sourceTree = "<group>"; };
		A0E658482BFE394F001A8D54 /* .swiftlint.yml */ = {isa = PBXFileReference; lastKnownFileType = text.yaml; path = .swiftlint.yml; sourceTree = "<group>"; };
		A0E6584A2BFE3C03001A8D54 /* Fonts+Generated.swift */ = {isa = PBXFileReference; fileEncoding = 4; lastKnownFileType = sourcecode.swift; path = "Fonts+Generated.swift"; sourceTree = "<group>"; };
		A0E6584C2BFE3C0A001A8D54 /* XCAssets+Generated.swift */ = {isa = PBXFileReference; fileEncoding = 4; lastKnownFileType = sourcecode.swift; path = "XCAssets+Generated.swift"; sourceTree = "<group>"; };
		A0E6584E2BFE3F6C001A8D54 /* IntroViewController.swift */ = {isa = PBXFileReference; lastKnownFileType = sourcecode.swift; path = IntroViewController.swift; sourceTree = "<group>"; };
		A0E658522BFE40F9001A8D54 /* LoadingView.swift */ = {isa = PBXFileReference; lastKnownFileType = sourcecode.swift; path = LoadingView.swift; sourceTree = "<group>"; };
		A0F5B1EC2C0DEBC900A4215A /* MoonDuckDebug.entitlements */ = {isa = PBXFileReference; lastKnownFileType = text.plist.entitlements; path = MoonDuckDebug.entitlements; sourceTree = "<group>"; };
		B7ADC973B3F765CF9AA757FF /* Pods_MoonDuck_MoonDuckUITests.framework */ = {isa = PBXFileReference; explicitFileType = wrapper.framework; includeInIndex = 0; path = Pods_MoonDuck_MoonDuckUITests.framework; sourceTree = BUILT_PRODUCTS_DIR; };
		DBD2F616893EF44F45B03BA4 /* Pods-MoonDuck.debug.xcconfig */ = {isa = PBXFileReference; includeInIndex = 1; lastKnownFileType = text.xcconfig; name = "Pods-MoonDuck.debug.xcconfig"; path = "Target Support Files/Pods-MoonDuck/Pods-MoonDuck.debug.xcconfig"; sourceTree = "<group>"; };
		DFBEA84FB81504AE187A5E07 /* Pods-MoonDuck-MoonDuckUITests.debug.xcconfig */ = {isa = PBXFileReference; includeInIndex = 1; lastKnownFileType = text.xcconfig; name = "Pods-MoonDuck-MoonDuckUITests.debug.xcconfig"; path = "Target Support Files/Pods-MoonDuck-MoonDuckUITests/Pods-MoonDuck-MoonDuckUITests.debug.xcconfig"; sourceTree = "<group>"; };
		EA33F75A2C0D7D0C00893C35 /* Presenter.swift */ = {isa = PBXFileReference; lastKnownFileType = sourcecode.swift; path = Presenter.swift; sourceTree = "<group>"; };
		EA5EA0B92C00F6D70041A8B4 /* TextField.swift */ = {isa = PBXFileReference; lastKnownFileType = sourcecode.swift; path = TextField.swift; sourceTree = "<group>"; };
		EA5EA0C32C0119880041A8B4 /* BoardDetailViewController.swift */ = {isa = PBXFileReference; lastKnownFileType = sourcecode.swift; path = BoardDetailViewController.swift; sourceTree = "<group>"; };
		EA5EA0C42C0119880041A8B4 /* BoardDetailViewController.xib */ = {isa = PBXFileReference; lastKnownFileType = file.xib; path = BoardDetailViewController.xib; sourceTree = "<group>"; };
		EA6379C42BFEF3FA00464A19 /* Navigator.swift */ = {isa = PBXFileReference; lastKnownFileType = sourcecode.swift; path = Navigator.swift; sourceTree = "<group>"; };
		EA6379C72BFEF49800464A19 /* BaseNavigationController.swift */ = {isa = PBXFileReference; lastKnownFileType = sourcecode.swift; path = BaseNavigationController.swift; sourceTree = "<group>"; };
		EA6379C92BFEF73500464A19 /* IntroViewPresenter.swift */ = {isa = PBXFileReference; lastKnownFileType = sourcecode.swift; path = IntroViewPresenter.swift; sourceTree = "<group>"; };
		EA6379CE2BFF1C5400464A19 /* MoonDuckAPI.swift */ = {isa = PBXFileReference; lastKnownFileType = sourcecode.swift; path = MoonDuckAPI.swift; sourceTree = "<group>"; };
		EA6379D12BFF295C00464A19 /* OSLog+Extension.swift */ = {isa = PBXFileReference; fileEncoding = 4; lastKnownFileType = sourcecode.swift; path = "OSLog+Extension.swift"; sourceTree = "<group>"; };
		EA6379D42BFF2A4000464A19 /* UserRequest.swift */ = {isa = PBXFileReference; lastKnownFileType = sourcecode.swift; path = UserRequest.swift; sourceTree = "<group>"; };
		EA6379D62BFF2B2D00464A19 /* TargetType.swift */ = {isa = PBXFileReference; lastKnownFileType = sourcecode.swift; path = TargetType.swift; sourceTree = "<group>"; };
		EA6379DE2BFF2D6900464A19 /* UserService.swift */ = {isa = PBXFileReference; lastKnownFileType = sourcecode.swift; path = UserService.swift; sourceTree = "<group>"; };
		EA6379E02BFF2E5300464A19 /* UserResponse.swift */ = {isa = PBXFileReference; lastKnownFileType = sourcecode.swift; path = UserResponse.swift; sourceTree = "<group>"; };
		EA6379E22BFF33C500464A19 /* HomeViewController.swift */ = {isa = PBXFileReference; lastKnownFileType = sourcecode.swift; path = HomeViewController.swift; sourceTree = "<group>"; };
		EA6379E32BFF33C500464A19 /* HomeViewController.xib */ = {isa = PBXFileReference; lastKnownFileType = file.xib; path = HomeViewController.xib; sourceTree = "<group>"; };
		EA6379E62BFF342F00464A19 /* HomeViewPresenter.swift */ = {isa = PBXFileReference; lastKnownFileType = sourcecode.swift; path = HomeViewPresenter.swift; sourceTree = "<group>"; };
		EA6379E82BFF359100464A19 /* NSObjectProtocol+Extension.swift */ = {isa = PBXFileReference; lastKnownFileType = sourcecode.swift; path = "NSObjectProtocol+Extension.swift"; sourceTree = "<group>"; };
		EA6D9A722BFF67A0003B459A /* HomeCategoryCvCell.swift */ = {isa = PBXFileReference; lastKnownFileType = sourcecode.swift; path = HomeCategoryCvCell.swift; sourceTree = "<group>"; };
		EA6D9A732BFF67A0003B459A /* HomeCategoryCvCell.xib */ = {isa = PBXFileReference; lastKnownFileType = file.xib; path = HomeCategoryCvCell.xib; sourceTree = "<group>"; };
		EA6D9A762BFF6823003B459A /* UIView+Extension.swift */ = {isa = PBXFileReference; lastKnownFileType = sourcecode.swift; path = "UIView+Extension.swift"; sourceTree = "<group>"; };
		EA6D9A792BFF6884003B459A /* RadiusView.swift */ = {isa = PBXFileReference; lastKnownFileType = sourcecode.swift; path = RadiusView.swift; sourceTree = "<group>"; };
		EA7208402C1272A500E96212 /* AuthRequest.swift */ = {isa = PBXFileReference; lastKnownFileType = sourcecode.swift; path = AuthRequest.swift; sourceTree = "<group>"; };
		EA7208422C12735A00E96212 /* AuthService.swift */ = {isa = PBXFileReference; lastKnownFileType = sourcecode.swift; path = AuthService.swift; sourceTree = "<group>"; };
		EA7208482C12787400E96212 /* Config.swift */ = {isa = PBXFileReference; lastKnownFileType = sourcecode.swift; path = Config.swift; sourceTree = "<group>"; };
		EA72084C2C12869B00E96212 /* AuthResponse.swift */ = {isa = PBXFileReference; lastKnownFileType = sourcecode.swift; path = AuthResponse.swift; sourceTree = "<group>"; };
		EA72084E2C1287EF00E96212 /* AppUserDefaults.swift */ = {isa = PBXFileReference; lastKnownFileType = sourcecode.swift; path = AppUserDefaults.swift; sourceTree = "<group>"; };
		EA7208502C128CE800E96212 /* AppKeychain.swift */ = {isa = PBXFileReference; lastKnownFileType = sourcecode.swift; path = AppKeychain.swift; sourceTree = "<group>"; };
		EA7208522C1290C700E96212 /* AuthManager.swift */ = {isa = PBXFileReference; lastKnownFileType = sourcecode.swift; path = AuthManager.swift; sourceTree = "<group>"; };
		EA7208542C12929700E96212 /* Auth.swift */ = {isa = PBXFileReference; lastKnownFileType = sourcecode.swift; path = Auth.swift; sourceTree = "<group>"; };
		EA7208562C129F2100E96212 /* GoogleService-Info.plist */ = {isa = PBXFileReference; fileEncoding = 4; lastKnownFileType = text.plist.xml; path = "GoogleService-Info.plist"; sourceTree = "<group>"; };
		EA72085A2C12E3C900E96212 /* APIError.swift */ = {isa = PBXFileReference; lastKnownFileType = sourcecode.swift; path = APIError.swift; sourceTree = "<group>"; };
		EA81F4A52BFF70D300FDC7A7 /* BaseCategoryCell.swift */ = {isa = PBXFileReference; lastKnownFileType = sourcecode.swift; path = BaseCategoryCell.swift; sourceTree = "<group>"; };
		EA81F4A82BFF716600FDC7A7 /* Category.swift */ = {isa = PBXFileReference; lastKnownFileType = sourcecode.swift; path = Category.swift; sourceTree = "<group>"; };
		EA81F4AA2BFF79FA00FDC7A7 /* HomeCategoryCvDataSource.swift */ = {isa = PBXFileReference; lastKnownFileType = sourcecode.swift; path = HomeCategoryCvDataSource.swift; sourceTree = "<group>"; };
		EA81F4B12BFF881800FDC7A7 /* IntroViewController.xib */ = {isa = PBXFileReference; lastKnownFileType = file.xib; path = IntroViewController.xib; sourceTree = "<group>"; };
		EA9A841F2C00AA93004B7FDF /* AppServices.swift */ = {isa = PBXFileReference; lastKnownFileType = sourcecode.swift; path = AppServices.swift; sourceTree = "<group>"; };
		EA9A84242C00BCAF004B7FDF /* NameSettingViewController.swift */ = {isa = PBXFileReference; lastKnownFileType = sourcecode.swift; path = NameSettingViewController.swift; sourceTree = "<group>"; };
		EA9A84252C00BCAF004B7FDF /* NameSettingViewController.xib */ = {isa = PBXFileReference; lastKnownFileType = file.xib; path = NameSettingViewController.xib; sourceTree = "<group>"; };
		EA9A84282C00BF04004B7FDF /* UITextField+Extension.swift */ = {isa = PBXFileReference; lastKnownFileType = sourcecode.swift; path = "UITextField+Extension.swift"; sourceTree = "<group>"; };
		EA9A842A2C00C33E004B7FDF /* NameSettingViewPresenter.swift */ = {isa = PBXFileReference; lastKnownFileType = sourcecode.swift; path = NameSettingViewPresenter.swift; sourceTree = "<group>"; };
		EA9A842E2C00D577004B7FDF /* Alert.swift */ = {isa = PBXFileReference; lastKnownFileType = sourcecode.swift; path = Alert.swift; sourceTree = "<group>"; };
		EA9A84362C00DBC4004B7FDF /* ko */ = {isa = PBXFileReference; lastKnownFileType = text.plist.strings; name = ko; path = ko.lproj/Main.strings; sourceTree = "<group>"; };
		EA9A84372C00DBC4004B7FDF /* ko */ = {isa = PBXFileReference; lastKnownFileType = text.plist.strings; name = ko; path = ko.lproj/LaunchScreen.strings; sourceTree = "<group>"; };
		EA9A84402C00DCDD004B7FDF /* ko */ = {isa = PBXFileReference; lastKnownFileType = text.plist.strings; name = ko; path = ko.lproj/Localizable.strings; sourceTree = "<group>"; };
		EA9A84412C00DD08004B7FDF /* Strings+Generated.swift */ = {isa = PBXFileReference; fileEncoding = 4; lastKnownFileType = sourcecode.swift; path = "Strings+Generated.swift"; sourceTree = "<group>"; };
		EA9A84442C00E306004B7FDF /* APIEventLogger.swift */ = {isa = PBXFileReference; lastKnownFileType = sourcecode.swift; path = APIEventLogger.swift; sourceTree = "<group>"; };
		EAA914CD2C02274700A98950 /* String+Extension.swift */ = {isa = PBXFileReference; lastKnownFileType = sourcecode.swift; path = "String+Extension.swift"; sourceTree = "<group>"; };
		EAA914CF2C022D7700A98950 /* ReviewEditCategoryCvDataSource.swift */ = {isa = PBXFileReference; lastKnownFileType = sourcecode.swift; path = ReviewEditCategoryCvDataSource.swift; sourceTree = "<group>"; };
		EAA914D22C022DF700A98950 /* ReviewEditCategoryCvCell.swift */ = {isa = PBXFileReference; lastKnownFileType = sourcecode.swift; path = ReviewEditCategoryCvCell.swift; sourceTree = "<group>"; };
		EAA914D32C022DF700A98950 /* ReviewEditCategoryCvCell.xib */ = {isa = PBXFileReference; lastKnownFileType = file.xib; path = ReviewEditCategoryCvCell.xib; sourceTree = "<group>"; };
		EAA914D62C02382400A98950 /* UIViewController+Extension.swift */ = {isa = PBXFileReference; lastKnownFileType = sourcecode.swift; path = "UIViewController+Extension.swift"; sourceTree = "<group>"; };
		EAA914F02C02D63100A98950 /* ReviewImageCvCell.swift */ = {isa = PBXFileReference; lastKnownFileType = sourcecode.swift; path = ReviewImageCvCell.swift; sourceTree = "<group>"; };
		EAA914F12C02D63100A98950 /* ReviewImageCvCell.xib */ = {isa = PBXFileReference; lastKnownFileType = file.xib; path = ReviewImageCvCell.xib; sourceTree = "<group>"; };
		EAD9575E2C002384001FB6E1 /* BoardListTvDataSource.swift */ = {isa = PBXFileReference; lastKnownFileType = sourcecode.swift; path = BoardListTvDataSource.swift; sourceTree = "<group>"; };
		EAD957622C002982001FB6E1 /* User.swift */ = {isa = PBXFileReference; lastKnownFileType = sourcecode.swift; path = User.swift; sourceTree = "<group>"; };
		EAD957642C0029D3001FB6E1 /* Review.swift */ = {isa = PBXFileReference; lastKnownFileType = sourcecode.swift; path = Review.swift; sourceTree = "<group>"; };
		EAD9576B2C008ED5001FB6E1 /* LoginViewController.swift */ = {isa = PBXFileReference; lastKnownFileType = sourcecode.swift; path = LoginViewController.swift; sourceTree = "<group>"; };
		EAD9576C2C008ED5001FB6E1 /* LoginViewController.xib */ = {isa = PBXFileReference; lastKnownFileType = file.xib; path = LoginViewController.xib; sourceTree = "<group>"; };
		EAD9576F2C0094A1001FB6E1 /* LoginViewPresenter.swift */ = {isa = PBXFileReference; lastKnownFileType = sourcecode.swift; path = LoginViewPresenter.swift; sourceTree = "<group>"; };
		EAE017CA2C012C1900699145 /* BoardImageCvCell.swift */ = {isa = PBXFileReference; lastKnownFileType = sourcecode.swift; path = BoardImageCvCell.swift; sourceTree = "<group>"; };
		EAE017CB2C012C1900699145 /* BoardImageCvCell.xib */ = {isa = PBXFileReference; lastKnownFileType = file.xib; path = BoardImageCvCell.xib; sourceTree = "<group>"; };
		EAE017D02C01935700699145 /* ReviewService.swift */ = {isa = PBXFileReference; lastKnownFileType = sourcecode.swift; path = ReviewService.swift; sourceTree = "<group>"; };
		EAE017D22C0193B800699145 /* ReviewRequest.swift */ = {isa = PBXFileReference; lastKnownFileType = sourcecode.swift; path = ReviewRequest.swift; sourceTree = "<group>"; };
		EAE017D42C0195D500699145 /* ReviewResponse.swift */ = {isa = PBXFileReference; lastKnownFileType = sourcecode.swift; path = ReviewResponse.swift; sourceTree = "<group>"; };
		EAE017D62C01AA3D00699145 /* Sort.swift */ = {isa = PBXFileReference; lastKnownFileType = sourcecode.swift; path = Sort.swift; sourceTree = "<group>"; };
		EAE017D82C01C11B00699145 /* BoardDetailViewPresenter.swift */ = {isa = PBXFileReference; lastKnownFileType = sourcecode.swift; path = BoardDetailViewPresenter.swift; sourceTree = "<group>"; };
		EAE017DA2C01CA0500699145 /* CellButton.swift */ = {isa = PBXFileReference; lastKnownFileType = sourcecode.swift; path = CellButton.swift; sourceTree = "<group>"; };
		EAE017DC2C01CF2300699145 /* Utils.swift */ = {isa = PBXFileReference; lastKnownFileType = sourcecode.swift; path = Utils.swift; sourceTree = "<group>"; };
		EAE017E52C01E6D100699145 /* BoardEditViewController.swift */ = {isa = PBXFileReference; lastKnownFileType = sourcecode.swift; path = BoardEditViewController.swift; sourceTree = "<group>"; };
		EAE017E62C01E6D100699145 /* BoardEditViewController.xib */ = {isa = PBXFileReference; lastKnownFileType = file.xib; path = BoardEditViewController.xib; sourceTree = "<group>"; };
		EAE017E92C01F01800699145 /* BoardEditViewPresenter.swift */ = {isa = PBXFileReference; lastKnownFileType = sourcecode.swift; path = BoardEditViewPresenter.swift; sourceTree = "<group>"; };
		EAE017EB2C01FBD600699145 /* TextView.swift */ = {isa = PBXFileReference; lastKnownFileType = sourcecode.swift; path = TextView.swift; sourceTree = "<group>"; };
		EAE017ED2C02015900699145 /* UIKeyboardInfo.swift */ = {isa = PBXFileReference; lastKnownFileType = sourcecode.swift; path = UIKeyboardInfo.swift; sourceTree = "<group>"; };
/* End PBXFileReference section */

/* Begin PBXFrameworksBuildPhase section */
		A0E657F42BFE22B7001A8D54 /* Frameworks */ = {
			isa = PBXFrameworksBuildPhase;
			buildActionMask = 2147483647;
			files = (
				5EEE2DF6C73F533BFA556AD2 /* Pods_MoonDuck.framework in Frameworks */,
			);
			runOnlyForDeploymentPostprocessing = 0;
		};
		A0E6580A2BFE22BA001A8D54 /* Frameworks */ = {
			isa = PBXFrameworksBuildPhase;
			buildActionMask = 2147483647;
			files = (
				42A65B64F92776178572EC0F /* Pods_MoonDuckTests.framework in Frameworks */,
			);
			runOnlyForDeploymentPostprocessing = 0;
		};
		A0E658142BFE22BA001A8D54 /* Frameworks */ = {
			isa = PBXFrameworksBuildPhase;
			buildActionMask = 2147483647;
			files = (
				B1172CFFFCCD4092EAB9B177 /* Pods_MoonDuck_MoonDuckUITests.framework in Frameworks */,
			);
			runOnlyForDeploymentPostprocessing = 0;
		};
/* End PBXFrameworksBuildPhase section */

/* Begin PBXGroup section */
		852429A5307403E2D7535432 /* Pods */ = {
			isa = PBXGroup;
			children = (
				DBD2F616893EF44F45B03BA4 /* Pods-MoonDuck.debug.xcconfig */,
				50713EDDE07C9DBF83457C0E /* Pods-MoonDuck.release.xcconfig */,
				DFBEA84FB81504AE187A5E07 /* Pods-MoonDuck-MoonDuckUITests.debug.xcconfig */,
				6A3FE1C14076657825120DA9 /* Pods-MoonDuck-MoonDuckUITests.release.xcconfig */,
				2950864BBC93694506B338D1 /* Pods-MoonDuckTests.debug.xcconfig */,
				812049C204C639AFB27ABED3 /* Pods-MoonDuckTests.release.xcconfig */,
			);
			path = Pods;
			sourceTree = "<group>";
		};
		931EFE711E11D7998438D669 /* Frameworks */ = {
			isa = PBXGroup;
			children = (
				31889ED7FB1E6AAD97B6990E /* Pods_MoonDuck.framework */,
				B7ADC973B3F765CF9AA757FF /* Pods_MoonDuck_MoonDuckUITests.framework */,
				6804495908A307471DB8A904 /* Pods_MoonDuckTests.framework */,
			);
			name = Frameworks;
			sourceTree = "<group>";
		};
		A07826A92BFFA91000D7BA63 /* DataSource */ = {
			isa = PBXGroup;
			children = (
				EA81F4AA2BFF79FA00FDC7A7 /* HomeCategoryCvDataSource.swift */,
				EAD9575E2C002384001FB6E1 /* BoardListTvDataSource.swift */,
			);
			path = DataSource;
			sourceTree = "<group>";
		};
		A0E657EE2BFE22B6001A8D54 = {
			isa = PBXGroup;
			children = (
				A0E658482BFE394F001A8D54 /* .swiftlint.yml */,
				A0E657F92BFE22B7001A8D54 /* MoonDuck */,
				A0E658102BFE22BA001A8D54 /* MoonDuckTests */,
				A0E6581A2BFE22BA001A8D54 /* MoonDuckUITests */,
				A0E657F82BFE22B7001A8D54 /* Products */,
				852429A5307403E2D7535432 /* Pods */,
				931EFE711E11D7998438D669 /* Frameworks */,
			);
			sourceTree = "<group>";
		};
		A0E657F82BFE22B7001A8D54 /* Products */ = {
			isa = PBXGroup;
			children = (
				A0E657F72BFE22B7001A8D54 /* MoonDuck.app */,
				A0E6580D2BFE22BA001A8D54 /* MoonDuckTests.xctest */,
				A0E658172BFE22BA001A8D54 /* MoonDuckUITests.xctest */,
			);
			name = Products;
			sourceTree = "<group>";
		};
		A0E657F92BFE22B7001A8D54 /* MoonDuck */ = {
			isa = PBXGroup;
			children = (
				A0F5B1EC2C0DEBC900A4215A /* MoonDuckDebug.entitlements */,
				A0E6582C2BFE2419001A8D54 /* Sources */,
				A0E6582A2BFE240F001A8D54 /* Resources */,
			);
			path = MoonDuck;
			sourceTree = "<group>";
		};
		A0E658102BFE22BA001A8D54 /* MoonDuckTests */ = {
			isa = PBXGroup;
			children = (
				A0E658112BFE22BA001A8D54 /* MoonDuckTests.swift */,
			);
			path = MoonDuckTests;
			sourceTree = "<group>";
		};
		A0E6581A2BFE22BA001A8D54 /* MoonDuckUITests */ = {
			isa = PBXGroup;
			children = (
				A0E6581B2BFE22BA001A8D54 /* MoonDuckUITests.swift */,
				A0E6581D2BFE22BA001A8D54 /* MoonDuckUITestsLaunchTests.swift */,
			);
			path = MoonDuckUITests;
			sourceTree = "<group>";
		};
		A0E6582A2BFE240F001A8D54 /* Resources */ = {
			isa = PBXGroup;
			children = (
				A0E658082BFE22B9001A8D54 /* Info.plist */,
				EA7208562C129F2100E96212 /* GoogleService-Info.plist */,
				A0E658342BFE35DD001A8D54 /* Font */,
				A0E658032BFE22B9001A8D54 /* Assets.xcassets */,
				A0E658312BFE300D001A8D54 /* Color.xcassets */,
				A0E6584A2BFE3C03001A8D54 /* Fonts+Generated.swift */,
				EA9A84412C00DD08004B7FDF /* Strings+Generated.swift */,
				A0E6584C2BFE3C0A001A8D54 /* XCAssets+Generated.swift */,
				A0E658002BFE22B7001A8D54 /* Main.storyboard */,
				A0E658052BFE22B9001A8D54 /* LaunchScreen.storyboard */,
				EA9A843D2C00DCDA004B7FDF /* Localizable.strings */,
			);
			path = Resources;
			sourceTree = "<group>";
		};
		A0E6582C2BFE2419001A8D54 /* Sources */ = {
			isa = PBXGroup;
			children = (
				A0E6582D2BFE2832001A8D54 /* Common */,
				A0E6582E2BFE283E001A8D54 /* Scenes */,
			);
			path = Sources;
			sourceTree = "<group>";
		};
		A0E6582D2BFE2832001A8D54 /* Common */ = {
			isa = PBXGroup;
			children = (
				EA6379D32BFF2A2000464A19 /* Networking */,
				EA81F4A72BFF714000FDC7A7 /* Model */,
				EA6D9A782BFF6875003B459A /* UI */,
				EA6379D02BFF295400464A19 /* Extensions */,
				A0E657FC2BFE22B7001A8D54 /* SceneDelegate.swift */,
				A0E657FA2BFE22B7001A8D54 /* AppDelegate.swift */,
				EA6379C42BFEF3FA00464A19 /* Navigator.swift */,
				EAE017DC2C01CF2300699145 /* Utils.swift */,
				EA72084E2C1287EF00E96212 /* AppUserDefaults.swift */,
				EA7208502C128CE800E96212 /* AppKeychain.swift */,
				EA7208522C1290C700E96212 /* AuthManager.swift */,
			);
			path = Common;
			sourceTree = "<group>";
		};
		A0E6582E2BFE283E001A8D54 /* Scenes */ = {
			isa = PBXGroup;
			children = (
				A0E6582F2BFE2851001A8D54 /* Common */,
				A0E658302BFE2F18001A8D54 /* Intro */,
				EAD9576A2C008EB6001FB6E1 /* Login */,
				EA9A84212C00BBAE004B7FDF /* NameSetting */,
				EAC703A32BFECBC700E99378 /* Home */,
				EA5EA0C02C0119650041A8B4 /* Board */,
			);
			path = Scenes;
			sourceTree = "<group>";
		};
		A0E6582F2BFE2851001A8D54 /* Common */ = {
			isa = PBXGroup;
			children = (
				A0F384062BFFAF390035D2E3 /* Base */,
				EAE017CA2C012C1900699145 /* BoardImageCvCell.swift */,
				EAE017CB2C012C1900699145 /* BoardImageCvCell.xib */,
				A0E658522BFE40F9001A8D54 /* LoadingView.swift */,
				EAA914F02C02D63100A98950 /* ReviewImageCvCell.swift */,
				EAA914F12C02D63100A98950 /* ReviewImageCvCell.xib */,
			);
			path = Common;
			sourceTree = "<group>";
		};
		A0E658302BFE2F18001A8D54 /* Intro */ = {
			isa = PBXGroup;
			children = (
				A0E6584E2BFE3F6C001A8D54 /* IntroViewController.swift */,
				EA81F4B12BFF881800FDC7A7 /* IntroViewController.xib */,
				EA6379C92BFEF73500464A19 /* IntroViewPresenter.swift */,
			);
			path = Intro;
			sourceTree = "<group>";
		};
		A0E658342BFE35DD001A8D54 /* Font */ = {
			isa = PBXGroup;
			children = (
				A0E6583B2BFE36A4001A8D54 /* NotoSansCJKkr-Black.otf */,
				A0E6583C2BFE36A4001A8D54 /* NotoSansCJKkr-Bold.otf */,
				A0E658382BFE36A1001A8D54 /* NotoSansCJKkr-DemiLight.otf */,
				A0E658392BFE36A2001A8D54 /* NotoSansCJKkr-Light.otf */,
				A0E6583D2BFE36A5001A8D54 /* NotoSansCJKkr-Medium.otf */,
				A0E658372BFE36A1001A8D54 /* NotoSansCJKkr-Regular.otf */,
				A0E658352BFE369F001A8D54 /* NotoSansCJKkr-Thin.otf */,
				A0E6583A2BFE36A3001A8D54 /* NotoSansMonoCJKkr-Bold.otf */,
				A0E658362BFE36A0001A8D54 /* NotoSansMonoCJKkr-Regular.otf */,
			);
			path = Font;
			sourceTree = "<group>";
		};
		A0F384062BFFAF390035D2E3 /* Base */ = {
			isa = PBXGroup;
			children = (
				EA6379C72BFEF49800464A19 /* BaseNavigationController.swift */,
				EA81F4A52BFF70D300FDC7A7 /* BaseCategoryCell.swift */,
				EA33F75A2C0D7D0C00893C35 /* Presenter.swift */,
			);
			path = Base;
			sourceTree = "<group>";
		};
		EA5EA0C02C0119650041A8B4 /* Board */ = {
			isa = PBXGroup;
			children = (
				EAA914D12C022DAA00A98950 /* Cell */,
				EAE017E42C01E68700699145 /* Edit */,
				EA5EA0C32C0119880041A8B4 /* BoardDetailViewController.swift */,
				EA5EA0C42C0119880041A8B4 /* BoardDetailViewController.xib */,
				EAE017D82C01C11B00699145 /* BoardDetailViewPresenter.swift */,
				EAA914CF2C022D7700A98950 /* ReviewEditCategoryCvDataSource.swift */,
			);
			path = Board;
			sourceTree = "<group>";
		};
		EA6379CD2BFF1C4000464A19 /* Request */ = {
			isa = PBXGroup;
			children = (
				EA7208402C1272A500E96212 /* AuthRequest.swift */,
				EA6379D42BFF2A4000464A19 /* UserRequest.swift */,
				EAE017D22C0193B800699145 /* ReviewRequest.swift */,
			);
			path = Request;
			sourceTree = "<group>";
		};
		EA6379D02BFF295400464A19 /* Extensions */ = {
			isa = PBXGroup;
			children = (
				EA6379D12BFF295C00464A19 /* OSLog+Extension.swift */,
				EA6379E82BFF359100464A19 /* NSObjectProtocol+Extension.swift */,
				EA6D9A762BFF6823003B459A /* UIView+Extension.swift */,
				EA9A84282C00BF04004B7FDF /* UITextField+Extension.swift */,
				EAA914CD2C02274700A98950 /* String+Extension.swift */,
				EAA914D62C02382400A98950 /* UIViewController+Extension.swift */,
			);
			path = Extensions;
			sourceTree = "<group>";
		};
		EA6379D32BFF2A2000464A19 /* Networking */ = {
			isa = PBXGroup;
			children = (
				EA6379CE2BFF1C5400464A19 /* MoonDuckAPI.swift */,
				EA6379D62BFF2B2D00464A19 /* TargetType.swift */,
				EA9A84442C00E306004B7FDF /* APIEventLogger.swift */,
				EA72085A2C12E3C900E96212 /* APIError.swift */,
				EA6379CD2BFF1C4000464A19 /* Request */,
				EA6379D82BFF2BA300464A19 /* Response */,
				EA6379DD2BFF2D3900464A19 /* Service */,
			);
			path = Networking;
			sourceTree = "<group>";
		};
		EA6379D82BFF2BA300464A19 /* Response */ = {
			isa = PBXGroup;
			children = (
				EA72084C2C12869B00E96212 /* AuthResponse.swift */,
				EA6379E02BFF2E5300464A19 /* UserResponse.swift */,
				EAE017D42C0195D500699145 /* ReviewResponse.swift */,
			);
			path = Response;
			sourceTree = "<group>";
		};
		EA6379DD2BFF2D3900464A19 /* Service */ = {
			isa = PBXGroup;
			children = (
				EA9A841F2C00AA93004B7FDF /* AppServices.swift */,
				EA6379DE2BFF2D6900464A19 /* UserService.swift */,
				EAE017D02C01935700699145 /* ReviewService.swift */,
				EA7208422C12735A00E96212 /* AuthService.swift */,
			);
			path = Service;
			sourceTree = "<group>";
		};
		EA6D9A712BFF6026003B459A /* Cell */ = {
			isa = PBXGroup;
			children = (
				EA6D9A722BFF67A0003B459A /* HomeCategoryCvCell.swift */,
				EA6D9A732BFF67A0003B459A /* HomeCategoryCvCell.xib */,
				A07826AA2BFFAB6300D7BA63 /* BoardListTvCell.swift */,
				A07826AB2BFFAB6300D7BA63 /* BoardListTvCell.xib */,
			);
			path = Cell;
			sourceTree = "<group>";
		};
		EA6D9A782BFF6875003B459A /* UI */ = {
			isa = PBXGroup;
			children = (
				EA6D9A792BFF6884003B459A /* RadiusView.swift */,
				EA9A842E2C00D577004B7FDF /* Alert.swift */,
				EA5EA0B92C00F6D70041A8B4 /* TextField.swift */,
				EAE017DA2C01CA0500699145 /* CellButton.swift */,
				EAE017EB2C01FBD600699145 /* TextView.swift */,
				EAE017ED2C02015900699145 /* UIKeyboardInfo.swift */,
			);
			path = UI;
			sourceTree = "<group>";
		};
		EA81F4A72BFF714000FDC7A7 /* Model */ = {
			isa = PBXGroup;
			children = (
				EA7208482C12787400E96212 /* Config.swift */,
				EA81F4A82BFF716600FDC7A7 /* Category.swift */,
				EAD957622C002982001FB6E1 /* User.swift */,
				EAD957642C0029D3001FB6E1 /* Review.swift */,
				EAE017D62C01AA3D00699145 /* Sort.swift */,
				EA7208542C12929700E96212 /* Auth.swift */,
			);
			path = Model;
			sourceTree = "<group>";
		};
		EA9A84212C00BBAE004B7FDF /* NameSetting */ = {
			isa = PBXGroup;
			children = (
				EA9A84242C00BCAF004B7FDF /* NameSettingViewController.swift */,
				EA9A84252C00BCAF004B7FDF /* NameSettingViewController.xib */,
				EA9A842A2C00C33E004B7FDF /* NameSettingViewPresenter.swift */,
			);
			path = NameSetting;
			sourceTree = "<group>";
		};
		EAA914D12C022DAA00A98950 /* Cell */ = {
			isa = PBXGroup;
			children = (
				EAA914D22C022DF700A98950 /* ReviewEditCategoryCvCell.swift */,
				EAA914D32C022DF700A98950 /* ReviewEditCategoryCvCell.xib */,
			);
			path = Cell;
			sourceTree = "<group>";
		};
		EAC703A32BFECBC700E99378 /* Home */ = {
			isa = PBXGroup;
			children = (
				A07826A92BFFA91000D7BA63 /* DataSource */,
				EA6D9A712BFF6026003B459A /* Cell */,
				EA6379E32BFF33C500464A19 /* HomeViewController.xib */,
				EA6379E22BFF33C500464A19 /* HomeViewController.swift */,
				EA6379E62BFF342F00464A19 /* HomeViewPresenter.swift */,
			);
			path = Home;
			sourceTree = "<group>";
		};
		EAD9576A2C008EB6001FB6E1 /* Login */ = {
			isa = PBXGroup;
			children = (
				EAD9576B2C008ED5001FB6E1 /* LoginViewController.swift */,
				EAD9576C2C008ED5001FB6E1 /* LoginViewController.xib */,
				EAD9576F2C0094A1001FB6E1 /* LoginViewPresenter.swift */,
			);
			path = Login;
			sourceTree = "<group>";
		};
		EAE017E42C01E68700699145 /* Edit */ = {
			isa = PBXGroup;
			children = (
				EAE017E52C01E6D100699145 /* BoardEditViewController.swift */,
				EAE017E62C01E6D100699145 /* BoardEditViewController.xib */,
				EAE017E92C01F01800699145 /* BoardEditViewPresenter.swift */,
			);
			path = Edit;
			sourceTree = "<group>";
		};
/* End PBXGroup section */

/* Begin PBXNativeTarget section */
		A0E657F62BFE22B7001A8D54 /* MoonDuck */ = {
			isa = PBXNativeTarget;
			buildConfigurationList = A0E658212BFE22BA001A8D54 /* Build configuration list for PBXNativeTarget "MoonDuck" */;
			buildPhases = (
				2B70096F4250B70332E903AC /* [CP] Check Pods Manifest.lock */,
				A0E657F32BFE22B7001A8D54 /* Sources */,
				A0E657F42BFE22B7001A8D54 /* Frameworks */,
				A0E657F52BFE22B7001A8D54 /* Resources */,
				0DC006108A9696E0FF4D859A /* [CP] Embed Pods Frameworks */,
				A0E658332BFE343A001A8D54 /* SwiftGen */,
				A0E658472BFE3929001A8D54 /* SwiftLint */,
			);
			buildRules = (
			);
			dependencies = (
			);
			name = MoonDuck;
			productName = MoonDuck;
			productReference = A0E657F72BFE22B7001A8D54 /* MoonDuck.app */;
			productType = "com.apple.product-type.application";
		};
		A0E6580C2BFE22BA001A8D54 /* MoonDuckTests */ = {
			isa = PBXNativeTarget;
			buildConfigurationList = A0E658242BFE22BA001A8D54 /* Build configuration list for PBXNativeTarget "MoonDuckTests" */;
			buildPhases = (
				97053E84568A986F0B97451A /* [CP] Check Pods Manifest.lock */,
				A0E658092BFE22BA001A8D54 /* Sources */,
				A0E6580A2BFE22BA001A8D54 /* Frameworks */,
				A0E6580B2BFE22BA001A8D54 /* Resources */,
			);
			buildRules = (
			);
			dependencies = (
				A0E6580F2BFE22BA001A8D54 /* PBXTargetDependency */,
			);
			name = MoonDuckTests;
			productName = MoonDuckTests;
			productReference = A0E6580D2BFE22BA001A8D54 /* MoonDuckTests.xctest */;
			productType = "com.apple.product-type.bundle.unit-test";
		};
		A0E658162BFE22BA001A8D54 /* MoonDuckUITests */ = {
			isa = PBXNativeTarget;
			buildConfigurationList = A0E658272BFE22BA001A8D54 /* Build configuration list for PBXNativeTarget "MoonDuckUITests" */;
			buildPhases = (
				4ECD2F3D0CEA66CDD2106098 /* [CP] Check Pods Manifest.lock */,
				A0E658132BFE22BA001A8D54 /* Sources */,
				A0E658142BFE22BA001A8D54 /* Frameworks */,
				A0E658152BFE22BA001A8D54 /* Resources */,
				032CDD3844D6A53BA79B6CF4 /* [CP] Embed Pods Frameworks */,
			);
			buildRules = (
			);
			dependencies = (
				A0E658192BFE22BA001A8D54 /* PBXTargetDependency */,
			);
			name = MoonDuckUITests;
			productName = MoonDuckUITests;
			productReference = A0E658172BFE22BA001A8D54 /* MoonDuckUITests.xctest */;
			productType = "com.apple.product-type.bundle.ui-testing";
		};
/* End PBXNativeTarget section */

/* Begin PBXProject section */
		A0E657EF2BFE22B6001A8D54 /* Project object */ = {
			isa = PBXProject;
			attributes = {
				BuildIndependentTargetsInParallel = 1;
				LastSwiftUpdateCheck = 1540;
				LastUpgradeCheck = 1540;
				TargetAttributes = {
					A0E657F62BFE22B7001A8D54 = {
						CreatedOnToolsVersion = 15.4;
					};
					A0E6580C2BFE22BA001A8D54 = {
						CreatedOnToolsVersion = 15.4;
						TestTargetID = A0E657F62BFE22B7001A8D54;
					};
					A0E658162BFE22BA001A8D54 = {
						CreatedOnToolsVersion = 15.4;
						TestTargetID = A0E657F62BFE22B7001A8D54;
					};
				};
			};
			buildConfigurationList = A0E657F22BFE22B6001A8D54 /* Build configuration list for PBXProject "MoonDuck" */;
			compatibilityVersion = "Xcode 13.0";
			developmentRegion = en;
			hasScannedForEncodings = 0;
			knownRegions = (
				en,
				Base,
				ko,
			);
			mainGroup = A0E657EE2BFE22B6001A8D54;
			productRefGroup = A0E657F82BFE22B7001A8D54 /* Products */;
			projectDirPath = "";
			projectRoot = "";
			targets = (
				A0E657F62BFE22B7001A8D54 /* MoonDuck */,
				A0E6580C2BFE22BA001A8D54 /* MoonDuckTests */,
				A0E658162BFE22BA001A8D54 /* MoonDuckUITests */,
			);
		};
/* End PBXProject section */

/* Begin PBXResourcesBuildPhase section */
		A0E657F52BFE22B7001A8D54 /* Resources */ = {
			isa = PBXResourcesBuildPhase;
			buildActionMask = 2147483647;
			files = (
				A0E658412BFE36A5001A8D54 /* NotoSansCJKkr-DemiLight.otf in Resources */,
				A0E6583F2BFE36A5001A8D54 /* NotoSansMonoCJKkr-Regular.otf in Resources */,
				EA9A843F2C00DCDA004B7FDF /* Localizable.strings in Resources */,
				A0E658442BFE36A5001A8D54 /* NotoSansCJKkr-Black.otf in Resources */,
				EA81F4B32BFF881800FDC7A7 /* IntroViewController.xib in Resources */,
				EAA914D52C022DF700A98950 /* ReviewEditCategoryCvCell.xib in Resources */,
				A0E658402BFE36A5001A8D54 /* NotoSansCJKkr-Regular.otf in Resources */,
				A0E6583E2BFE36A5001A8D54 /* NotoSansCJKkr-Thin.otf in Resources */,
				EA5EA0C62C0119880041A8B4 /* BoardDetailViewController.xib in Resources */,
				EAD9576E2C008ED5001FB6E1 /* LoginViewController.xib in Resources */,
				A0E658452BFE36A5001A8D54 /* NotoSansCJKkr-Bold.otf in Resources */,
				EA7208572C129F2100E96212 /* GoogleService-Info.plist in Resources */,
				A0E658042BFE22B9001A8D54 /* Assets.xcassets in Resources */,
				A0E658322BFE300D001A8D54 /* Color.xcassets in Resources */,
				A0E658432BFE36A5001A8D54 /* NotoSansMonoCJKkr-Bold.otf in Resources */,
				EAA914F32C02D63100A98950 /* ReviewImageCvCell.xib in Resources */,
				A07826AC2BFFAB6300D7BA63 /* BoardListTvCell.xib in Resources */,
				EA6D9A752BFF67A0003B459A /* HomeCategoryCvCell.xib in Resources */,
				EA9A84272C00BCAF004B7FDF /* NameSettingViewController.xib in Resources */,
				EAE017CC2C012C1900699145 /* BoardImageCvCell.xib in Resources */,
				EAE017E72C01E6D100699145 /* BoardEditViewController.xib in Resources */,
				A0E658072BFE22B9001A8D54 /* Base in Resources */,
				A0E658492BFE394F001A8D54 /* .swiftlint.yml in Resources */,
				EA6379E42BFF33C500464A19 /* HomeViewController.xib in Resources */,
				A0E658462BFE36A5001A8D54 /* NotoSansCJKkr-Medium.otf in Resources */,
				A0E658422BFE36A5001A8D54 /* NotoSansCJKkr-Light.otf in Resources */,
				A0E658022BFE22B7001A8D54 /* Base in Resources */,
			);
			runOnlyForDeploymentPostprocessing = 0;
		};
		A0E6580B2BFE22BA001A8D54 /* Resources */ = {
			isa = PBXResourcesBuildPhase;
			buildActionMask = 2147483647;
			files = (
			);
			runOnlyForDeploymentPostprocessing = 0;
		};
		A0E658152BFE22BA001A8D54 /* Resources */ = {
			isa = PBXResourcesBuildPhase;
			buildActionMask = 2147483647;
			files = (
			);
			runOnlyForDeploymentPostprocessing = 0;
		};
/* End PBXResourcesBuildPhase section */

/* Begin PBXShellScriptBuildPhase section */
		032CDD3844D6A53BA79B6CF4 /* [CP] Embed Pods Frameworks */ = {
			isa = PBXShellScriptBuildPhase;
			buildActionMask = 2147483647;
			files = (
			);
			inputFileListPaths = (
				"${PODS_ROOT}/Target Support Files/Pods-MoonDuck-MoonDuckUITests/Pods-MoonDuck-MoonDuckUITests-frameworks-${CONFIGURATION}-input-files.xcfilelist",
			);
			name = "[CP] Embed Pods Frameworks";
			outputFileListPaths = (
				"${PODS_ROOT}/Target Support Files/Pods-MoonDuck-MoonDuckUITests/Pods-MoonDuck-MoonDuckUITests-frameworks-${CONFIGURATION}-output-files.xcfilelist",
			);
			runOnlyForDeploymentPostprocessing = 0;
			shellPath = /bin/sh;
			shellScript = "\"${PODS_ROOT}/Target Support Files/Pods-MoonDuck-MoonDuckUITests/Pods-MoonDuck-MoonDuckUITests-frameworks.sh\"\n";
			showEnvVarsInLog = 0;
		};
		0DC006108A9696E0FF4D859A /* [CP] Embed Pods Frameworks */ = {
			isa = PBXShellScriptBuildPhase;
			buildActionMask = 2147483647;
			files = (
			);
			inputFileListPaths = (
				"${PODS_ROOT}/Target Support Files/Pods-MoonDuck/Pods-MoonDuck-frameworks-${CONFIGURATION}-input-files.xcfilelist",
			);
			name = "[CP] Embed Pods Frameworks";
			outputFileListPaths = (
				"${PODS_ROOT}/Target Support Files/Pods-MoonDuck/Pods-MoonDuck-frameworks-${CONFIGURATION}-output-files.xcfilelist",
			);
			runOnlyForDeploymentPostprocessing = 0;
			shellPath = /bin/sh;
			shellScript = "\"${PODS_ROOT}/Target Support Files/Pods-MoonDuck/Pods-MoonDuck-frameworks.sh\"\n";
			showEnvVarsInLog = 0;
		};
		2B70096F4250B70332E903AC /* [CP] Check Pods Manifest.lock */ = {
			isa = PBXShellScriptBuildPhase;
			buildActionMask = 2147483647;
			files = (
			);
			inputFileListPaths = (
			);
			inputPaths = (
				"${PODS_PODFILE_DIR_PATH}/Podfile.lock",
				"${PODS_ROOT}/Manifest.lock",
			);
			name = "[CP] Check Pods Manifest.lock";
			outputFileListPaths = (
			);
			outputPaths = (
				"$(DERIVED_FILE_DIR)/Pods-MoonDuck-checkManifestLockResult.txt",
			);
			runOnlyForDeploymentPostprocessing = 0;
			shellPath = /bin/sh;
			shellScript = "diff \"${PODS_PODFILE_DIR_PATH}/Podfile.lock\" \"${PODS_ROOT}/Manifest.lock\" > /dev/null\nif [ $? != 0 ] ; then\n    # print error to STDERR\n    echo \"error: The sandbox is not in sync with the Podfile.lock. Run 'pod install' or update your CocoaPods installation.\" >&2\n    exit 1\nfi\n# This output is used by Xcode 'outputs' to avoid re-running this script phase.\necho \"SUCCESS\" > \"${SCRIPT_OUTPUT_FILE_0}\"\n";
			showEnvVarsInLog = 0;
		};
		4ECD2F3D0CEA66CDD2106098 /* [CP] Check Pods Manifest.lock */ = {
			isa = PBXShellScriptBuildPhase;
			buildActionMask = 2147483647;
			files = (
			);
			inputFileListPaths = (
			);
			inputPaths = (
				"${PODS_PODFILE_DIR_PATH}/Podfile.lock",
				"${PODS_ROOT}/Manifest.lock",
			);
			name = "[CP] Check Pods Manifest.lock";
			outputFileListPaths = (
			);
			outputPaths = (
				"$(DERIVED_FILE_DIR)/Pods-MoonDuck-MoonDuckUITests-checkManifestLockResult.txt",
			);
			runOnlyForDeploymentPostprocessing = 0;
			shellPath = /bin/sh;
			shellScript = "diff \"${PODS_PODFILE_DIR_PATH}/Podfile.lock\" \"${PODS_ROOT}/Manifest.lock\" > /dev/null\nif [ $? != 0 ] ; then\n    # print error to STDERR\n    echo \"error: The sandbox is not in sync with the Podfile.lock. Run 'pod install' or update your CocoaPods installation.\" >&2\n    exit 1\nfi\n# This output is used by Xcode 'outputs' to avoid re-running this script phase.\necho \"SUCCESS\" > \"${SCRIPT_OUTPUT_FILE_0}\"\n";
			showEnvVarsInLog = 0;
		};
		97053E84568A986F0B97451A /* [CP] Check Pods Manifest.lock */ = {
			isa = PBXShellScriptBuildPhase;
			buildActionMask = 2147483647;
			files = (
			);
			inputFileListPaths = (
			);
			inputPaths = (
				"${PODS_PODFILE_DIR_PATH}/Podfile.lock",
				"${PODS_ROOT}/Manifest.lock",
			);
			name = "[CP] Check Pods Manifest.lock";
			outputFileListPaths = (
			);
			outputPaths = (
				"$(DERIVED_FILE_DIR)/Pods-MoonDuckTests-checkManifestLockResult.txt",
			);
			runOnlyForDeploymentPostprocessing = 0;
			shellPath = /bin/sh;
			shellScript = "diff \"${PODS_PODFILE_DIR_PATH}/Podfile.lock\" \"${PODS_ROOT}/Manifest.lock\" > /dev/null\nif [ $? != 0 ] ; then\n    # print error to STDERR\n    echo \"error: The sandbox is not in sync with the Podfile.lock. Run 'pod install' or update your CocoaPods installation.\" >&2\n    exit 1\nfi\n# This output is used by Xcode 'outputs' to avoid re-running this script phase.\necho \"SUCCESS\" > \"${SCRIPT_OUTPUT_FILE_0}\"\n";
			showEnvVarsInLog = 0;
		};
		A0E658332BFE343A001A8D54 /* SwiftGen */ = {
			isa = PBXShellScriptBuildPhase;
			alwaysOutOfDate = 1;
			buildActionMask = 2147483647;
			files = (
			);
			inputFileListPaths = (
			);
			inputPaths = (
			);
			name = SwiftGen;
			outputFileListPaths = (
			);
			outputPaths = (
			);
			runOnlyForDeploymentPostprocessing = 0;
			shellPath = /bin/sh;
			shellScript = "if [[ -f \"${PODS_ROOT}/SwiftGen/bin/swiftgen\" ]]; then\n  \"${PODS_ROOT}/SwiftGen/bin/swiftgen\"\nelse\n  echo \"warning: SwiftGen is not installed. Run 'pod install --repo-update' to install it.\"\nfi\n";
		};
		A0E658472BFE3929001A8D54 /* SwiftLint */ = {
			isa = PBXShellScriptBuildPhase;
			buildActionMask = 12;
			files = (
			);
			inputFileListPaths = (
			);
			inputPaths = (
			);
			name = SwiftLint;
			outputFileListPaths = (
			);
			outputPaths = (
			);
			runOnlyForDeploymentPostprocessing = 0;
			shellPath = /bin/sh;
			shellScript = "if which swiftlint >/dev/null; then\n  swiftlint\nelse\n  echo \"warning: SwiftLint not installed, download from https://github.com/realm/SwiftLint\"\nfi\n";
		};
/* End PBXShellScriptBuildPhase section */

/* Begin PBXSourcesBuildPhase section */
		A0E657F32BFE22B7001A8D54 /* Sources */ = {
			isa = PBXSourcesBuildPhase;
			buildActionMask = 2147483647;
			files = (
				EA7208552C12929700E96212 /* Auth.swift in Sources */,
				EAE017E82C01E6D100699145 /* BoardEditViewController.swift in Sources */,
				EA81F4A62BFF70D300FDC7A7 /* BaseCategoryCell.swift in Sources */,
				EA6379D72BFF2B2D00464A19 /* TargetType.swift in Sources */,
				EAD957652C0029D3001FB6E1 /* Review.swift in Sources */,
				EA72084F2C1287EF00E96212 /* AppUserDefaults.swift in Sources */,
				A0E6584D2BFE3C0B001A8D54 /* XCAssets+Generated.swift in Sources */,
				EA7208532C1290C700E96212 /* AuthManager.swift in Sources */,
				EA7208492C12787400E96212 /* Config.swift in Sources */,
				EA6379E92BFF359100464A19 /* NSObjectProtocol+Extension.swift in Sources */,
				EAE017EE2C02015900699145 /* UIKeyboardInfo.swift in Sources */,
				A0E6584B2BFE3C03001A8D54 /* Fonts+Generated.swift in Sources */,
				EAE017EA2C01F01800699145 /* BoardEditViewPresenter.swift in Sources */,
				EA6379E12BFF2E5300464A19 /* UserResponse.swift in Sources */,
				EA9A842B2C00C33E004B7FDF /* NameSettingViewPresenter.swift in Sources */,
				EA9A84202C00AA93004B7FDF /* AppServices.swift in Sources */,
				EA9A84262C00BCAF004B7FDF /* NameSettingViewController.swift in Sources */,
				EA7208432C12735A00E96212 /* AuthService.swift in Sources */,
				EA6379C52BFEF3FA00464A19 /* Navigator.swift in Sources */,
				EAD957632C002982001FB6E1 /* User.swift in Sources */,
				EA6379E52BFF33C500464A19 /* HomeViewController.swift in Sources */,
				EAA914F22C02D63100A98950 /* ReviewImageCvCell.swift in Sources */,
				EA7208412C1272A500E96212 /* AuthRequest.swift in Sources */,
				EA6D9A7A2BFF6884003B459A /* RadiusView.swift in Sources */,
				EAE017DB2C01CA0500699145 /* CellButton.swift in Sources */,
				EAE017D32C0193B800699145 /* ReviewRequest.swift in Sources */,
				EAA914CE2C02274700A98950 /* String+Extension.swift in Sources */,
				EAD9576D2C008ED5001FB6E1 /* LoginViewController.swift in Sources */,
				EA9A84452C00E306004B7FDF /* APIEventLogger.swift in Sources */,
				A0E658512BFE3F6D001A8D54 /* IntroViewController.swift in Sources */,
				EAD957702C0094A1001FB6E1 /* LoginViewPresenter.swift in Sources */,
				EAE017DD2C01CF2300699145 /* Utils.swift in Sources */,
				EA5EA0BA2C00F6D70041A8B4 /* TextField.swift in Sources */,
				EAE017D12C01935700699145 /* ReviewService.swift in Sources */,
				EA5EA0C52C0119880041A8B4 /* BoardDetailViewController.swift in Sources */,
				EA6379D22BFF295C00464A19 /* OSLog+Extension.swift in Sources */,
				A07826AD2BFFAB6300D7BA63 /* BoardListTvCell.swift in Sources */,
				EA9A84422C00DD08004B7FDF /* Strings+Generated.swift in Sources */,
				EAA914D72C02382400A98950 /* UIViewController+Extension.swift in Sources */,
				EA6379D52BFF2A4000464A19 /* UserRequest.swift in Sources */,
				EA6379CA2BFEF73500464A19 /* IntroViewPresenter.swift in Sources */,
				EA9A842F2C00D577004B7FDF /* Alert.swift in Sources */,
				A0E657FB2BFE22B7001A8D54 /* AppDelegate.swift in Sources */,
				A0E658532BFE40F9001A8D54 /* LoadingView.swift in Sources */,
				EA6379E72BFF342F00464A19 /* HomeViewPresenter.swift in Sources */,
				EA6D9A772BFF6823003B459A /* UIView+Extension.swift in Sources */,
				EAE017D52C0195D500699145 /* ReviewResponse.swift in Sources */,
				EA81F4AB2BFF79FA00FDC7A7 /* HomeCategoryCvDataSource.swift in Sources */,
				EA6D9A742BFF67A0003B459A /* HomeCategoryCvCell.swift in Sources */,
				EA6379DF2BFF2D6900464A19 /* UserService.swift in Sources */,
				EA6379CF2BFF1C5400464A19 /* MoonDuckAPI.swift in Sources */,
				EAE017D72C01AA3D00699145 /* Sort.swift in Sources */,
				EA9A84292C00BF04004B7FDF /* UITextField+Extension.swift in Sources */,
				EAE017CD2C012C1900699145 /* BoardImageCvCell.swift in Sources */,
				EAA914D42C022DF700A98950 /* ReviewEditCategoryCvCell.swift in Sources */,
				EAA914D02C022D7700A98950 /* ReviewEditCategoryCvDataSource.swift in Sources */,
				EAE017EC2C01FBD600699145 /* TextView.swift in Sources */,
				EAD9575F2C002384001FB6E1 /* BoardListTvDataSource.swift in Sources */,
				EA6379C82BFEF49800464A19 /* BaseNavigationController.swift in Sources */,
				EA33F75B2C0D7D0C00893C35 /* Presenter.swift in Sources */,
				A0E657FD2BFE22B7001A8D54 /* SceneDelegate.swift in Sources */,
				EA81F4A92BFF716600FDC7A7 /* Category.swift in Sources */,
				EAE017D92C01C11B00699145 /* BoardDetailViewPresenter.swift in Sources */,
				EA72084D2C12869B00E96212 /* AuthResponse.swift in Sources */,
				EA7208512C128CE800E96212 /* AppKeychain.swift in Sources */,
				EA72085B2C12E3C900E96212 /* APIError.swift in Sources */,
			);
			runOnlyForDeploymentPostprocessing = 0;
		};
		A0E658092BFE22BA001A8D54 /* Sources */ = {
			isa = PBXSourcesBuildPhase;
			buildActionMask = 2147483647;
			files = (
				A0E658122BFE22BA001A8D54 /* MoonDuckTests.swift in Sources */,
			);
			runOnlyForDeploymentPostprocessing = 0;
		};
		A0E658132BFE22BA001A8D54 /* Sources */ = {
			isa = PBXSourcesBuildPhase;
			buildActionMask = 2147483647;
			files = (
				A0E6581E2BFE22BA001A8D54 /* MoonDuckUITestsLaunchTests.swift in Sources */,
				A0E6581C2BFE22BA001A8D54 /* MoonDuckUITests.swift in Sources */,
			);
			runOnlyForDeploymentPostprocessing = 0;
		};
/* End PBXSourcesBuildPhase section */

/* Begin PBXTargetDependency section */
		A0E6580F2BFE22BA001A8D54 /* PBXTargetDependency */ = {
			isa = PBXTargetDependency;
			target = A0E657F62BFE22B7001A8D54 /* MoonDuck */;
			targetProxy = A0E6580E2BFE22BA001A8D54 /* PBXContainerItemProxy */;
		};
		A0E658192BFE22BA001A8D54 /* PBXTargetDependency */ = {
			isa = PBXTargetDependency;
			target = A0E657F62BFE22B7001A8D54 /* MoonDuck */;
			targetProxy = A0E658182BFE22BA001A8D54 /* PBXContainerItemProxy */;
		};
/* End PBXTargetDependency section */

/* Begin PBXVariantGroup section */
		A0E658002BFE22B7001A8D54 /* Main.storyboard */ = {
			isa = PBXVariantGroup;
			children = (
				A0E658012BFE22B7001A8D54 /* Base */,
				EA9A84362C00DBC4004B7FDF /* ko */,
			);
			name = Main.storyboard;
			sourceTree = "<group>";
		};
		A0E658052BFE22B9001A8D54 /* LaunchScreen.storyboard */ = {
			isa = PBXVariantGroup;
			children = (
				A0E658062BFE22B9001A8D54 /* Base */,
				EA9A84372C00DBC4004B7FDF /* ko */,
			);
			name = LaunchScreen.storyboard;
			sourceTree = "<group>";
		};
		EA9A843D2C00DCDA004B7FDF /* Localizable.strings */ = {
			isa = PBXVariantGroup;
			children = (
				EA9A84402C00DCDD004B7FDF /* ko */,
			);
			name = Localizable.strings;
			sourceTree = "<group>";
		};
/* End PBXVariantGroup section */

/* Begin XCBuildConfiguration section */
		A0E6581F2BFE22BA001A8D54 /* Debug */ = {
			isa = XCBuildConfiguration;
			buildSettings = {
				ALWAYS_SEARCH_USER_PATHS = NO;
				ASSETCATALOG_COMPILER_GENERATE_SWIFT_ASSET_SYMBOL_EXTENSIONS = YES;
				CLANG_ANALYZER_LOCALIZABILITY_NONLOCALIZED = YES;
				CLANG_ANALYZER_NONNULL = YES;
				CLANG_ANALYZER_NUMBER_OBJECT_CONVERSION = YES_AGGRESSIVE;
				CLANG_CXX_LANGUAGE_STANDARD = "gnu++20";
				CLANG_ENABLE_MODULES = YES;
				CLANG_ENABLE_OBJC_ARC = YES;
				CLANG_ENABLE_OBJC_WEAK = YES;
				CLANG_WARN_BLOCK_CAPTURE_AUTORELEASING = YES;
				CLANG_WARN_BOOL_CONVERSION = YES;
				CLANG_WARN_COMMA = YES;
				CLANG_WARN_CONSTANT_CONVERSION = YES;
				CLANG_WARN_DEPRECATED_OBJC_IMPLEMENTATIONS = YES;
				CLANG_WARN_DIRECT_OBJC_ISA_USAGE = YES_ERROR;
				CLANG_WARN_DOCUMENTATION_COMMENTS = YES;
				CLANG_WARN_EMPTY_BODY = YES;
				CLANG_WARN_ENUM_CONVERSION = YES;
				CLANG_WARN_INFINITE_RECURSION = YES;
				CLANG_WARN_INT_CONVERSION = YES;
				CLANG_WARN_NON_LITERAL_NULL_CONVERSION = YES;
				CLANG_WARN_OBJC_IMPLICIT_RETAIN_SELF = YES;
				CLANG_WARN_OBJC_LITERAL_CONVERSION = YES;
				CLANG_WARN_OBJC_ROOT_CLASS = YES_ERROR;
				CLANG_WARN_QUOTED_INCLUDE_IN_FRAMEWORK_HEADER = YES;
				CLANG_WARN_RANGE_LOOP_ANALYSIS = YES;
				CLANG_WARN_STRICT_PROTOTYPES = YES;
				CLANG_WARN_SUSPICIOUS_MOVE = YES;
				CLANG_WARN_UNGUARDED_AVAILABILITY = YES_AGGRESSIVE;
				CLANG_WARN_UNREACHABLE_CODE = YES;
				CLANG_WARN__DUPLICATE_METHOD_MATCH = YES;
				COPY_PHASE_STRIP = NO;
				DEBUG_INFORMATION_FORMAT = dwarf;
				ENABLE_STRICT_OBJC_MSGSEND = YES;
				ENABLE_TESTABILITY = YES;
				ENABLE_USER_SCRIPT_SANDBOXING = NO;
				GCC_C_LANGUAGE_STANDARD = gnu17;
				GCC_DYNAMIC_NO_PIC = NO;
				GCC_NO_COMMON_BLOCKS = YES;
				GCC_OPTIMIZATION_LEVEL = 0;
				GCC_PREPROCESSOR_DEFINITIONS = (
					"DEBUG=1",
					"$(inherited)",
				);
				GCC_WARN_64_TO_32_BIT_CONVERSION = YES;
				GCC_WARN_ABOUT_RETURN_TYPE = YES_ERROR;
				GCC_WARN_UNDECLARED_SELECTOR = YES;
				GCC_WARN_UNINITIALIZED_AUTOS = YES_AGGRESSIVE;
				GCC_WARN_UNUSED_FUNCTION = YES;
				GCC_WARN_UNUSED_VARIABLE = YES;
				IPHONEOS_DEPLOYMENT_TARGET = 16.0;
				LOCALIZATION_PREFERS_STRING_CATALOGS = YES;
				MTL_ENABLE_DEBUG_INFO = INCLUDE_SOURCE;
				MTL_FAST_MATH = YES;
				ONLY_ACTIVE_ARCH = YES;
				SDKROOT = iphoneos;
				SWIFT_ACTIVE_COMPILATION_CONDITIONS = "DEBUG $(inherited)";
				SWIFT_OPTIMIZATION_LEVEL = "-Onone";
			};
			name = Debug;
		};
		A0E658202BFE22BA001A8D54 /* Release */ = {
			isa = XCBuildConfiguration;
			buildSettings = {
				ALWAYS_SEARCH_USER_PATHS = NO;
				ASSETCATALOG_COMPILER_GENERATE_SWIFT_ASSET_SYMBOL_EXTENSIONS = YES;
				CLANG_ANALYZER_LOCALIZABILITY_NONLOCALIZED = YES;
				CLANG_ANALYZER_NONNULL = YES;
				CLANG_ANALYZER_NUMBER_OBJECT_CONVERSION = YES_AGGRESSIVE;
				CLANG_CXX_LANGUAGE_STANDARD = "gnu++20";
				CLANG_ENABLE_MODULES = YES;
				CLANG_ENABLE_OBJC_ARC = YES;
				CLANG_ENABLE_OBJC_WEAK = YES;
				CLANG_WARN_BLOCK_CAPTURE_AUTORELEASING = YES;
				CLANG_WARN_BOOL_CONVERSION = YES;
				CLANG_WARN_COMMA = YES;
				CLANG_WARN_CONSTANT_CONVERSION = YES;
				CLANG_WARN_DEPRECATED_OBJC_IMPLEMENTATIONS = YES;
				CLANG_WARN_DIRECT_OBJC_ISA_USAGE = YES_ERROR;
				CLANG_WARN_DOCUMENTATION_COMMENTS = YES;
				CLANG_WARN_EMPTY_BODY = YES;
				CLANG_WARN_ENUM_CONVERSION = YES;
				CLANG_WARN_INFINITE_RECURSION = YES;
				CLANG_WARN_INT_CONVERSION = YES;
				CLANG_WARN_NON_LITERAL_NULL_CONVERSION = YES;
				CLANG_WARN_OBJC_IMPLICIT_RETAIN_SELF = YES;
				CLANG_WARN_OBJC_LITERAL_CONVERSION = YES;
				CLANG_WARN_OBJC_ROOT_CLASS = YES_ERROR;
				CLANG_WARN_QUOTED_INCLUDE_IN_FRAMEWORK_HEADER = YES;
				CLANG_WARN_RANGE_LOOP_ANALYSIS = YES;
				CLANG_WARN_STRICT_PROTOTYPES = YES;
				CLANG_WARN_SUSPICIOUS_MOVE = YES;
				CLANG_WARN_UNGUARDED_AVAILABILITY = YES_AGGRESSIVE;
				CLANG_WARN_UNREACHABLE_CODE = YES;
				CLANG_WARN__DUPLICATE_METHOD_MATCH = YES;
				COPY_PHASE_STRIP = NO;
				DEBUG_INFORMATION_FORMAT = "dwarf-with-dsym";
				ENABLE_NS_ASSERTIONS = NO;
				ENABLE_STRICT_OBJC_MSGSEND = YES;
				ENABLE_USER_SCRIPT_SANDBOXING = NO;
				GCC_C_LANGUAGE_STANDARD = gnu17;
				GCC_NO_COMMON_BLOCKS = YES;
				GCC_WARN_64_TO_32_BIT_CONVERSION = YES;
				GCC_WARN_ABOUT_RETURN_TYPE = YES_ERROR;
				GCC_WARN_UNDECLARED_SELECTOR = YES;
				GCC_WARN_UNINITIALIZED_AUTOS = YES_AGGRESSIVE;
				GCC_WARN_UNUSED_FUNCTION = YES;
				GCC_WARN_UNUSED_VARIABLE = YES;
				IPHONEOS_DEPLOYMENT_TARGET = 16.0;
				LOCALIZATION_PREFERS_STRING_CATALOGS = YES;
				MTL_ENABLE_DEBUG_INFO = NO;
				MTL_FAST_MATH = YES;
				SDKROOT = iphoneos;
				SWIFT_COMPILATION_MODE = wholemodule;
				VALIDATE_PRODUCT = YES;
			};
			name = Release;
		};
		A0E658222BFE22BA001A8D54 /* Debug */ = {
			isa = XCBuildConfiguration;
			baseConfigurationReference = DBD2F616893EF44F45B03BA4 /* Pods-MoonDuck.debug.xcconfig */;
			buildSettings = {
				ASSETCATALOG_COMPILER_APPICON_NAME = AppIcon;
				ASSETCATALOG_COMPILER_GLOBAL_ACCENT_COLOR_NAME = AccentColor;
				CODE_SIGN_ENTITLEMENTS = MoonDuck/MoonDuckDebug.entitlements;
				CODE_SIGN_IDENTITY = "Apple Development";
				CODE_SIGN_STYLE = Automatic;
				CURRENT_PROJECT_VERSION = 13;
				DEVELOPMENT_TEAM = 3T5QFYSPG5;
				GENERATE_INFOPLIST_FILE = YES;
				INFOPLIST_FILE = MoonDuck/Resources/Info.plist;
				INFOPLIST_KEY_CFBundleDisplayName = "문덕이";
				INFOPLIST_KEY_NSCameraUsageDescription = "기록 이미지 업로드를 위해 사용됩니다.";
				INFOPLIST_KEY_NSPhotoLibraryUsageDescription = "기록 이미지 업로드를 위해 사용됩니다.";
				INFOPLIST_KEY_UIApplicationSupportsIndirectInputEvents = YES;
				INFOPLIST_KEY_UILaunchStoryboardName = LaunchScreen;
				INFOPLIST_KEY_UIMainStoryboardFile = Main;
				INFOPLIST_KEY_UIRequiresFullScreen = YES;
				INFOPLIST_KEY_UISupportedInterfaceOrientations = UIInterfaceOrientationPortrait;
				INFOPLIST_KEY_UISupportedInterfaceOrientations_iPad = "UIInterfaceOrientationLandscapeLeft UIInterfaceOrientationLandscapeRight UIInterfaceOrientationPortrait UIInterfaceOrientationPortraitUpsideDown";
				INFOPLIST_KEY_UIUserInterfaceStyle = Light;
				IPHONEOS_DEPLOYMENT_TARGET = 16.0;
				LD_RUNPATH_SEARCH_PATHS = (
					"$(inherited)",
					"@executable_path/Frameworks",
				);
				MARKETING_VERSION = 1.0.0;
				PRODUCT_BUNDLE_IDENTIFIER = com.poduck.moonduck;
				PRODUCT_NAME = "$(TARGET_NAME)";
				PROVISIONING_PROFILE_SPECIFIER = "";
				SUPPORTED_PLATFORMS = "iphoneos iphonesimulator";
				SUPPORTS_MACCATALYST = NO;
				SUPPORTS_MAC_DESIGNED_FOR_IPHONE_IPAD = NO;
				SUPPORTS_XR_DESIGNED_FOR_IPHONE_IPAD = NO;
				SWIFT_EMIT_LOC_STRINGS = YES;
				SWIFT_VERSION = 5.0;
				TARGETED_DEVICE_FAMILY = "1,2";
			};
			name = Debug;
		};
		A0E658232BFE22BA001A8D54 /* Release */ = {
			isa = XCBuildConfiguration;
			baseConfigurationReference = 50713EDDE07C9DBF83457C0E /* Pods-MoonDuck.release.xcconfig */;
			buildSettings = {
				ASSETCATALOG_COMPILER_APPICON_NAME = AppIcon;
				ASSETCATALOG_COMPILER_GLOBAL_ACCENT_COLOR_NAME = AccentColor;
				CODE_SIGN_IDENTITY = "Apple Development";
				"CODE_SIGN_IDENTITY[sdk=iphoneos*]" = "iPhone Distribution";
				CODE_SIGN_STYLE = Manual;
				CURRENT_PROJECT_VERSION = 13;
				DEVELOPMENT_TEAM = "";
				"DEVELOPMENT_TEAM[sdk=iphoneos*]" = 3T5QFYSPG5;
				GENERATE_INFOPLIST_FILE = YES;
				INFOPLIST_FILE = MoonDuck/Resources/Info.plist;
				INFOPLIST_KEY_CFBundleDisplayName = "문덕이";
				INFOPLIST_KEY_NSCameraUsageDescription = "기록 이미지 업로드를 위해 사용됩니다.";
				INFOPLIST_KEY_NSPhotoLibraryUsageDescription = "기록 이미지 업로드를 위해 사용됩니다.";
				INFOPLIST_KEY_UIApplicationSupportsIndirectInputEvents = YES;
				INFOPLIST_KEY_UILaunchStoryboardName = LaunchScreen;
				INFOPLIST_KEY_UIMainStoryboardFile = Main;
				INFOPLIST_KEY_UIRequiresFullScreen = YES;
				INFOPLIST_KEY_UISupportedInterfaceOrientations = UIInterfaceOrientationPortrait;
				INFOPLIST_KEY_UISupportedInterfaceOrientations_iPad = "UIInterfaceOrientationLandscapeLeft UIInterfaceOrientationLandscapeRight UIInterfaceOrientationPortrait UIInterfaceOrientationPortraitUpsideDown";
				INFOPLIST_KEY_UIUserInterfaceStyle = Light;
				IPHONEOS_DEPLOYMENT_TARGET = 16.0;
				LD_RUNPATH_SEARCH_PATHS = (
					"$(inherited)",
					"@executable_path/Frameworks",
				);
				MARKETING_VERSION = 1.0.0;
				PRODUCT_BUNDLE_IDENTIFIER = com.poduck.moonduck;
				PRODUCT_NAME = "$(TARGET_NAME)";
				PROVISIONING_PROFILE_SPECIFIER = "";
				"PROVISIONING_PROFILE_SPECIFIER[sdk=iphoneos*]" = "Moon Duck AppStore";
				SUPPORTED_PLATFORMS = "iphoneos iphonesimulator";
				SUPPORTS_MACCATALYST = NO;
				SUPPORTS_MAC_DESIGNED_FOR_IPHONE_IPAD = NO;
				SUPPORTS_XR_DESIGNED_FOR_IPHONE_IPAD = NO;
				SWIFT_EMIT_LOC_STRINGS = YES;
				SWIFT_VERSION = 5.0;
				TARGETED_DEVICE_FAMILY = "1,2";
			};
			name = Release;
		};
		A0E658252BFE22BA001A8D54 /* Debug */ = {
			isa = XCBuildConfiguration;
			baseConfigurationReference = 2950864BBC93694506B338D1 /* Pods-MoonDuckTests.debug.xcconfig */;
			buildSettings = {
				ALWAYS_EMBED_SWIFT_STANDARD_LIBRARIES = YES;
				BUNDLE_LOADER = "$(TEST_HOST)";
				CODE_SIGN_STYLE = Automatic;
				CURRENT_PROJECT_VERSION = 1;
				DEVELOPMENT_TEAM = 3T5QFYSPG5;
				GENERATE_INFOPLIST_FILE = YES;
				INFOPLIST_KEY_CFBundleDisplayName = "문덕이";
				IPHONEOS_DEPLOYMENT_TARGET = 17.5;
				MARKETING_VERSION = 1.0;
				PRODUCT_BUNDLE_IDENTIFIER = com.poduck.MoonDuckTests;
				PRODUCT_NAME = "$(TARGET_NAME)";
				SWIFT_EMIT_LOC_STRINGS = NO;
				SWIFT_VERSION = 5.0;
				TARGETED_DEVICE_FAMILY = "1,2";
				TEST_HOST = "$(BUILT_PRODUCTS_DIR)/MoonDuck.app/$(BUNDLE_EXECUTABLE_FOLDER_PATH)/MoonDuck";
			};
			name = Debug;
		};
		A0E658262BFE22BA001A8D54 /* Release */ = {
			isa = XCBuildConfiguration;
			baseConfigurationReference = 812049C204C639AFB27ABED3 /* Pods-MoonDuckTests.release.xcconfig */;
			buildSettings = {
				ALWAYS_EMBED_SWIFT_STANDARD_LIBRARIES = YES;
				BUNDLE_LOADER = "$(TEST_HOST)";
				CODE_SIGN_STYLE = Automatic;
				CURRENT_PROJECT_VERSION = 1;
				DEVELOPMENT_TEAM = 3T5QFYSPG5;
				GENERATE_INFOPLIST_FILE = YES;
				INFOPLIST_KEY_CFBundleDisplayName = "문덕이";
				IPHONEOS_DEPLOYMENT_TARGET = 17.5;
				MARKETING_VERSION = 1.0;
				PRODUCT_BUNDLE_IDENTIFIER = com.poduck.MoonDuckTests;
				PRODUCT_NAME = "$(TARGET_NAME)";
				SWIFT_EMIT_LOC_STRINGS = NO;
				SWIFT_VERSION = 5.0;
				TARGETED_DEVICE_FAMILY = "1,2";
				TEST_HOST = "$(BUILT_PRODUCTS_DIR)/MoonDuck.app/$(BUNDLE_EXECUTABLE_FOLDER_PATH)/MoonDuck";
			};
			name = Release;
		};
		A0E658282BFE22BA001A8D54 /* Debug */ = {
			isa = XCBuildConfiguration;
			baseConfigurationReference = DFBEA84FB81504AE187A5E07 /* Pods-MoonDuck-MoonDuckUITests.debug.xcconfig */;
			buildSettings = {
				ALWAYS_EMBED_SWIFT_STANDARD_LIBRARIES = YES;
				CODE_SIGN_STYLE = Automatic;
				CURRENT_PROJECT_VERSION = 1;
				DEVELOPMENT_TEAM = 3T5QFYSPG5;
				GENERATE_INFOPLIST_FILE = YES;
				MARKETING_VERSION = 1.0;
				PRODUCT_BUNDLE_IDENTIFIER = com.poduck.MoonDuckUITests;
				PRODUCT_NAME = "$(TARGET_NAME)";
				SWIFT_EMIT_LOC_STRINGS = NO;
				SWIFT_VERSION = 5.0;
				TARGETED_DEVICE_FAMILY = "1,2";
				TEST_TARGET_NAME = MoonDuck;
			};
			name = Debug;
		};
		A0E658292BFE22BA001A8D54 /* Release */ = {
			isa = XCBuildConfiguration;
			baseConfigurationReference = 6A3FE1C14076657825120DA9 /* Pods-MoonDuck-MoonDuckUITests.release.xcconfig */;
			buildSettings = {
				ALWAYS_EMBED_SWIFT_STANDARD_LIBRARIES = YES;
				CODE_SIGN_STYLE = Automatic;
				CURRENT_PROJECT_VERSION = 1;
				DEVELOPMENT_TEAM = 3T5QFYSPG5;
				GENERATE_INFOPLIST_FILE = YES;
				MARKETING_VERSION = 1.0;
				PRODUCT_BUNDLE_IDENTIFIER = com.poduck.MoonDuckUITests;
				PRODUCT_NAME = "$(TARGET_NAME)";
				SWIFT_EMIT_LOC_STRINGS = NO;
				SWIFT_VERSION = 5.0;
				TARGETED_DEVICE_FAMILY = "1,2";
				TEST_TARGET_NAME = MoonDuck;
			};
			name = Release;
		};
/* End XCBuildConfiguration section */

/* Begin XCConfigurationList section */
		A0E657F22BFE22B6001A8D54 /* Build configuration list for PBXProject "MoonDuck" */ = {
			isa = XCConfigurationList;
			buildConfigurations = (
				A0E6581F2BFE22BA001A8D54 /* Debug */,
				A0E658202BFE22BA001A8D54 /* Release */,
			);
			defaultConfigurationIsVisible = 0;
			defaultConfigurationName = Release;
		};
		A0E658212BFE22BA001A8D54 /* Build configuration list for PBXNativeTarget "MoonDuck" */ = {
			isa = XCConfigurationList;
			buildConfigurations = (
				A0E658222BFE22BA001A8D54 /* Debug */,
				A0E658232BFE22BA001A8D54 /* Release */,
			);
			defaultConfigurationIsVisible = 0;
			defaultConfigurationName = Release;
		};
		A0E658242BFE22BA001A8D54 /* Build configuration list for PBXNativeTarget "MoonDuckTests" */ = {
			isa = XCConfigurationList;
			buildConfigurations = (
				A0E658252BFE22BA001A8D54 /* Debug */,
				A0E658262BFE22BA001A8D54 /* Release */,
			);
			defaultConfigurationIsVisible = 0;
			defaultConfigurationName = Release;
		};
		A0E658272BFE22BA001A8D54 /* Build configuration list for PBXNativeTarget "MoonDuckUITests" */ = {
			isa = XCConfigurationList;
			buildConfigurations = (
				A0E658282BFE22BA001A8D54 /* Debug */,
				A0E658292BFE22BA001A8D54 /* Release */,
			);
			defaultConfigurationIsVisible = 0;
			defaultConfigurationName = Release;
		};
/* End XCConfigurationList section */
	};
	rootObject = A0E657EF2BFE22B6001A8D54 /* Project object */;
}
